// !$*UTF8*$!
{
	archiveVersion = 1;
	classes = {
	};
	objectVersion = 46;
	objects = {

/* Begin PBXBuildFile section */
		AB7E96A61B19AEB6004A3289 /* OpenAL.framework in Frameworks */ = {isa = PBXBuildFile; fileRef = AB7E96A51B19AEB6004A3289 /* OpenAL.framework */; };
		AB7E96A81B19AEBD004A3289 /* OpenGL.framework in Frameworks */ = {isa = PBXBuildFile; fileRef = AB7E96A71B19AEBD004A3289 /* OpenGL.framework */; };
		AB7E96AA1B19AECB004A3289 /* IOKit.framework in Frameworks */ = {isa = PBXBuildFile; fileRef = AB7E96A91B19AECB004A3289 /* IOKit.framework */; };
		AB7E96AC1B19AED1004A3289 /* Cocoa.framework in Frameworks */ = {isa = PBXBuildFile; fileRef = AB7E96AB1B19AED1004A3289 /* Cocoa.framework */; };
		AB7E96AE1B19AEE1004A3289 /* QuartzCore.framework in Frameworks */ = {isa = PBXBuildFile; fileRef = AB7E96AD1B19AEE1004A3289 /* QuartzCore.framework */; };
		AB7E96B01B19AF28004A3289 /* libaether3d_osx.a in Frameworks */ = {isa = PBXBuildFile; fileRef = AB7E96AF1B19AF28004A3289 /* libaether3d_osx.a */; };
		AB9AB6EC1B19DF0E00C9F006 /* Misc2D.cpp in Sources */ = {isa = PBXBuildFile; fileRef = AB9AB6EB1B19DF0E00C9F006 /* Misc2D.cpp */; };
/* End PBXBuildFile section */

/* Begin PBXCopyFilesBuildPhase section */
		AB7E96961B19AE09004A3289 /* CopyFiles */ = {
			isa = PBXCopyFilesBuildPhase;
			buildActionMask = 2147483647;
			dstPath = /usr/share/man/man1/;
			dstSubfolderSpec = 0;
			files = (
			);
			runOnlyForDeploymentPostprocessing = 1;
		};
/* End PBXCopyFilesBuildPhase section */

/* Begin PBXFileReference section */
		AB78D91D1B19E405009928E1 /* TextureBase.hpp */ = {isa = PBXFileReference; lastKnownFileType = sourcecode.cpp.h; name = TextureBase.hpp; path = ../../../Engine/Include/TextureBase.hpp; sourceTree = "<group>"; };
		AB7E96981B19AE09004A3289 /* Misc2D */ = {isa = PBXFileReference; explicitFileType = "compiled.mach-o.executable"; includeInIndex = 0; path = Misc2D; sourceTree = BUILT_PRODUCTS_DIR; };
		AB7E96A51B19AEB6004A3289 /* OpenAL.framework */ = {isa = PBXFileReference; lastKnownFileType = wrapper.framework; name = OpenAL.framework; path = System/Library/Frameworks/OpenAL.framework; sourceTree = SDKROOT; };
		AB7E96A71B19AEBD004A3289 /* OpenGL.framework */ = {isa = PBXFileReference; lastKnownFileType = wrapper.framework; name = OpenGL.framework; path = System/Library/Frameworks/OpenGL.framework; sourceTree = SDKROOT; };
		AB7E96A91B19AECB004A3289 /* IOKit.framework */ = {isa = PBXFileReference; lastKnownFileType = wrapper.framework; name = IOKit.framework; path = System/Library/Frameworks/IOKit.framework; sourceTree = SDKROOT; };
		AB7E96AB1B19AED1004A3289 /* Cocoa.framework */ = {isa = PBXFileReference; lastKnownFileType = wrapper.framework; name = Cocoa.framework; path = System/Library/Frameworks/Cocoa.framework; sourceTree = SDKROOT; };
		AB7E96AD1B19AEE1004A3289 /* QuartzCore.framework */ = {isa = PBXFileReference; lastKnownFileType = wrapper.framework; name = QuartzCore.framework; path = System/Library/Frameworks/QuartzCore.framework; sourceTree = SDKROOT; };
		AB7E96AF1B19AF28004A3289 /* libaether3d_osx.a */ = {isa = PBXFileReference; lastKnownFileType = archive.ar; name = libaether3d_osx.a; path = ../../../../aether3d_build/libaether3d_osx.a; sourceTree = "<group>"; };
		AB921DBF1CC21C2F008F5750 /* ComputeShader.hpp */ = {isa = PBXFileReference; fileEncoding = 4; lastKnownFileType = sourcecode.cpp.h; name = ComputeShader.hpp; path = ../../../Engine/Include/ComputeShader.hpp; sourceTree = "<group>"; };
		AB921DC01CC21C2F008F5750 /* DirectionalLightComponent.hpp */ = {isa = PBXFileReference; fileEncoding = 4; lastKnownFileType = sourcecode.cpp.h; name = DirectionalLightComponent.hpp; path = ../../../Engine/Include/DirectionalLightComponent.hpp; sourceTree = "<group>"; };
		AB921DC11CC21C2F008F5750 /* Material.hpp */ = {isa = PBXFileReference; fileEncoding = 4; lastKnownFileType = sourcecode.cpp.h; name = Material.hpp; path = ../../../Engine/Include/Material.hpp; sourceTree = "<group>"; };
		AB921DC21CC21C2F008F5750 /* SpotLightComponent.hpp */ = {isa = PBXFileReference; fileEncoding = 4; lastKnownFileType = sourcecode.cpp.h; name = SpotLightComponent.hpp; path = ../../../Engine/Include/SpotLightComponent.hpp; sourceTree = "<group>"; };
		AB921DC31CC21C2F008F5750 /* VR.hpp */ = {isa = PBXFileReference; fileEncoding = 4; lastKnownFileType = sourcecode.cpp.h; name = VR.hpp; path = ../../../Engine/Include/VR.hpp; sourceTree = "<group>"; };
		AB922E491B403523000F3488 /* TextureCube.hpp */ = {isa = PBXFileReference; fileEncoding = 4; lastKnownFileType = sourcecode.cpp.h; name = TextureCube.hpp; path = ../../../Engine/Include/TextureCube.hpp; sourceTree = "<group>"; };
		AB922E4A1B4036C9000F3488 /* Mesh.hpp */ = {isa = PBXFileReference; lastKnownFileType = sourcecode.cpp.h; name = Mesh.hpp; path = ../../../Engine/Include/Mesh.hpp; sourceTree = "<group>"; };
		AB922E4F1B404B71000F3488 /* MeshRendererComponent.hpp */ = {isa = PBXFileReference; lastKnownFileType = sourcecode.cpp.h; name = MeshRendererComponent.hpp; path = ../../../Engine/Include/MeshRendererComponent.hpp; sourceTree = "<group>"; };
		AB9AB6EB1B19DF0E00C9F006 /* Misc2D.cpp */ = {isa = PBXFileReference; fileEncoding = 4; lastKnownFileType = sourcecode.cpp.cpp; name = Misc2D.cpp; path = ../Misc2D.cpp; sourceTree = "<group>"; };
		AB9AB6EE1B19E07300C9F006 /* AudioClip.hpp */ = {isa = PBXFileReference; fileEncoding = 4; lastKnownFileType = sourcecode.cpp.h; name = AudioClip.hpp; path = ../../../Engine/Include/AudioClip.hpp; sourceTree = "<group>"; };
		AB9AB6EF1B19E07300C9F006 /* AudioSourceComponent.hpp */ = {isa = PBXFileReference; fileEncoding = 4; lastKnownFileType = sourcecode.cpp.h; name = AudioSourceComponent.hpp; path = ../../../Engine/Include/AudioSourceComponent.hpp; sourceTree = "<group>"; };
		AB9AB6F01B19E07300C9F006 /* CameraComponent.hpp */ = {isa = PBXFileReference; fileEncoding = 4; lastKnownFileType = sourcecode.cpp.h; name = CameraComponent.hpp; path = ../../../Engine/Include/CameraComponent.hpp; sourceTree = "<group>"; };
		AB9AB6F11B19E07300C9F006 /* FileSystem.hpp */ = {isa = PBXFileReference; fileEncoding = 4; lastKnownFileType = sourcecode.cpp.h; name = FileSystem.hpp; path = ../../../Engine/Include/FileSystem.hpp; sourceTree = "<group>"; };
		AB9AB6F21B19E07300C9F006 /* Font.hpp */ = {isa = PBXFileReference; fileEncoding = 4; lastKnownFileType = sourcecode.cpp.h; name = Font.hpp; path = ../../../Engine/Include/Font.hpp; sourceTree = "<group>"; };
		AB9AB6F31B19E07300C9F006 /* GameObject.hpp */ = {isa = PBXFileReference; fileEncoding = 4; lastKnownFileType = sourcecode.cpp.h; name = GameObject.hpp; path = ../../../Engine/Include/GameObject.hpp; sourceTree = "<group>"; };
		AB9AB6F41B19E07300C9F006 /* Macros.hpp */ = {isa = PBXFileReference; fileEncoding = 4; lastKnownFileType = sourcecode.cpp.h; name = Macros.hpp; path = ../../../Engine/Include/Macros.hpp; sourceTree = "<group>"; };
		AB9AB6F51B19E07300C9F006 /* Matrix.hpp */ = {isa = PBXFileReference; fileEncoding = 4; lastKnownFileType = sourcecode.cpp.h; name = Matrix.hpp; path = ../../../Engine/Include/Matrix.hpp; sourceTree = "<group>"; };
		AB9AB6F61B19E07300C9F006 /* Quaternion.hpp */ = {isa = PBXFileReference; fileEncoding = 4; lastKnownFileType = sourcecode.cpp.h; name = Quaternion.hpp; path = ../../../Engine/Include/Quaternion.hpp; sourceTree = "<group>"; };
		AB9AB6F71B19E07300C9F006 /* Scene.hpp */ = {isa = PBXFileReference; fileEncoding = 4; lastKnownFileType = sourcecode.cpp.h; name = Scene.hpp; path = ../../../Engine/Include/Scene.hpp; sourceTree = "<group>"; };
		AB9AB6F81B19E07300C9F006 /* Shader.hpp */ = {isa = PBXFileReference; fileEncoding = 4; lastKnownFileType = sourcecode.cpp.h; name = Shader.hpp; path = ../../../Engine/Include/Shader.hpp; sourceTree = "<group>"; };
		AB9AB6F91B19E07300C9F006 /* SpriteRendererComponent.hpp */ = {isa = PBXFileReference; fileEncoding = 4; lastKnownFileType = sourcecode.cpp.h; name = SpriteRendererComponent.hpp; path = ../../../Engine/Include/SpriteRendererComponent.hpp; sourceTree = "<group>"; };
		AB9AB6FA1B19E07300C9F006 /* System.hpp */ = {isa = PBXFileReference; fileEncoding = 4; lastKnownFileType = sourcecode.cpp.h; name = System.hpp; path = ../../../Engine/Include/System.hpp; sourceTree = "<group>"; };
		AB9AB6FB1B19E07300C9F006 /* TextRendererComponent.hpp */ = {isa = PBXFileReference; fileEncoding = 4; lastKnownFileType = sourcecode.cpp.h; name = TextRendererComponent.hpp; path = ../../../Engine/Include/TextRendererComponent.hpp; sourceTree = "<group>"; };
		AB9AB6FC1B19E07300C9F006 /* Texture2D.hpp */ = {isa = PBXFileReference; fileEncoding = 4; lastKnownFileType = sourcecode.cpp.h; name = Texture2D.hpp; path = ../../../Engine/Include/Texture2D.hpp; sourceTree = "<group>"; };
		AB9AB6FD1B19E07300C9F006 /* TransformComponent.hpp */ = {isa = PBXFileReference; fileEncoding = 4; lastKnownFileType = sourcecode.cpp.h; name = TransformComponent.hpp; path = ../../../Engine/Include/TransformComponent.hpp; sourceTree = "<group>"; };
		AB9AB6FE1B19E07300C9F006 /* Vec3.hpp */ = {isa = PBXFileReference; fileEncoding = 4; lastKnownFileType = sourcecode.cpp.h; name = Vec3.hpp; path = ../../../Engine/Include/Vec3.hpp; sourceTree = "<group>"; };
		AB9AB6FF1B19E07300C9F006 /* Window.hpp */ = {isa = PBXFileReference; fileEncoding = 4; lastKnownFileType = sourcecode.cpp.h; name = Window.hpp; path = ../../../Engine/Include/Window.hpp; sourceTree = "<group>"; };
		AB9AB7001B19E12600C9F006 /* RenderTexture.hpp */ = {isa = PBXFileReference; fileEncoding = 4; lastKnownFileType = sourcecode.cpp.h; name = RenderTexture.hpp; path = ../../../Engine/Include/RenderTexture.hpp; sourceTree = "<group>"; };
/* End PBXFileReference section */

/* Begin PBXFrameworksBuildPhase section */
		AB7E96951B19AE09004A3289 /* Frameworks */ = {
			isa = PBXFrameworksBuildPhase;
			buildActionMask = 2147483647;
			files = (
				AB7E96B01B19AF28004A3289 /* libaether3d_osx.a in Frameworks */,
				AB7E96AE1B19AEE1004A3289 /* QuartzCore.framework in Frameworks */,
				AB7E96AC1B19AED1004A3289 /* Cocoa.framework in Frameworks */,
				AB7E96AA1B19AECB004A3289 /* IOKit.framework in Frameworks */,
				AB7E96A81B19AEBD004A3289 /* OpenGL.framework in Frameworks */,
				AB7E96A61B19AEB6004A3289 /* OpenAL.framework in Frameworks */,
			);
			runOnlyForDeploymentPostprocessing = 0;
		};
/* End PBXFrameworksBuildPhase section */

/* Begin PBXGroup section */
		AB7E968F1B19AE09004A3289 = {
			isa = PBXGroup;
			children = (
				AB9AB6ED1B19E04D00C9F006 /* Include */,
				AB9AB6EB1B19DF0E00C9F006 /* Misc2D.cpp */,
				AB7E96A41B19AEA9004A3289 /* Libs */,
				AB7E96991B19AE09004A3289 /* Products */,
			);
			sourceTree = "<group>";
		};
		AB7E96991B19AE09004A3289 /* Products */ = {
			isa = PBXGroup;
			children = (
				AB7E96981B19AE09004A3289 /* Misc2D */,
			);
			name = Products;
			sourceTree = "<group>";
		};
		AB7E96A41B19AEA9004A3289 /* Libs */ = {
			isa = PBXGroup;
			children = (
				AB7E96AF1B19AF28004A3289 /* libaether3d_osx.a */,
				AB7E96AD1B19AEE1004A3289 /* QuartzCore.framework */,
				AB7E96AB1B19AED1004A3289 /* Cocoa.framework */,
				AB7E96A91B19AECB004A3289 /* IOKit.framework */,
				AB7E96A71B19AEBD004A3289 /* OpenGL.framework */,
				AB7E96A51B19AEB6004A3289 /* OpenAL.framework */,
			);
			name = Libs;
			sourceTree = "<group>";
		};
		AB9AB6ED1B19E04D00C9F006 /* Include */ = {
			isa = PBXGroup;
			children = (
				AB9AB6EE1B19E07300C9F006 /* AudioClip.hpp */,
				AB9AB6EF1B19E07300C9F006 /* AudioSourceComponent.hpp */,
				AB9AB6F01B19E07300C9F006 /* CameraComponent.hpp */,
				AB921DBF1CC21C2F008F5750 /* ComputeShader.hpp */,
				AB921DC01CC21C2F008F5750 /* DirectionalLightComponent.hpp */,
				AB9AB6F11B19E07300C9F006 /* FileSystem.hpp */,
				AB9AB6F21B19E07300C9F006 /* Font.hpp */,
				AB9AB6F31B19E07300C9F006 /* GameObject.hpp */,
				AB921DC11CC21C2F008F5750 /* Material.hpp */,
				AB9AB6F41B19E07300C9F006 /* Macros.hpp */,
				AB9AB6F51B19E07300C9F006 /* Matrix.hpp */,
				AB922E4A1B4036C9000F3488 /* Mesh.hpp */,
				AB922E4F1B404B71000F3488 /* MeshRendererComponent.hpp */,
				AB9AB6F61B19E07300C9F006 /* Quaternion.hpp */,
				AB9AB7001B19E12600C9F006 /* RenderTexture.hpp */,
				AB9AB6F71B19E07300C9F006 /* Scene.hpp */,
				AB9AB6F81B19E07300C9F006 /* Shader.hpp */,
				AB9AB6F91B19E07300C9F006 /* SpriteRendererComponent.hpp */,
				AB921DC21CC21C2F008F5750 /* SpotLightComponent.hpp */,
				AB9AB6FA1B19E07300C9F006 /* System.hpp */,
				AB9AB6FB1B19E07300C9F006 /* TextRendererComponent.hpp */,
				AB78D91D1B19E405009928E1 /* TextureBase.hpp */,
				AB922E491B403523000F3488 /* TextureCube.hpp */,
				AB9AB6FC1B19E07300C9F006 /* Texture2D.hpp */,
				AB9AB6FD1B19E07300C9F006 /* TransformComponent.hpp */,
				AB921DC31CC21C2F008F5750 /* VR.hpp */,
				AB9AB6FE1B19E07300C9F006 /* Vec3.hpp */,
				AB9AB6FF1B19E07300C9F006 /* Window.hpp */,
			);
			name = Include;
			sourceTree = "<group>";
		};
/* End PBXGroup section */

/* Begin PBXNativeTarget section */
		AB7E96971B19AE09004A3289 /* Misc2D */ = {
			isa = PBXNativeTarget;
			buildConfigurationList = AB7E969F1B19AE09004A3289 /* Build configuration list for PBXNativeTarget "Misc2D" */;
			buildPhases = (
				AB7E96941B19AE09004A3289 /* Sources */,
				AB7E96951B19AE09004A3289 /* Frameworks */,
				AB7E96961B19AE09004A3289 /* CopyFiles */,
			);
			buildRules = (
			);
			dependencies = (
			);
			name = Misc2D;
			productName = Misc2D;
			productReference = AB7E96981B19AE09004A3289 /* Misc2D */;
			productType = "com.apple.product-type.tool";
		};
/* End PBXNativeTarget section */

/* Begin PBXProject section */
		AB7E96901B19AE09004A3289 /* Project object */ = {
			isa = PBXProject;
			attributes = {
				LastUpgradeCheck = 0900;
				ORGANIZATIONNAME = "Timo Wiren";
				TargetAttributes = {
					AB7E96971B19AE09004A3289 = {
						CreatedOnToolsVersion = 6.2;
					};
				};
			};
			buildConfigurationList = AB7E96931B19AE09004A3289 /* Build configuration list for PBXProject "Misc2D" */;
			compatibilityVersion = "Xcode 3.2";
			developmentRegion = English;
			hasScannedForEncodings = 0;
			knownRegions = (
				en,
			);
			mainGroup = AB7E968F1B19AE09004A3289;
			productRefGroup = AB7E96991B19AE09004A3289 /* Products */;
			projectDirPath = "";
			projectRoot = "";
			targets = (
				AB7E96971B19AE09004A3289 /* Misc2D */,
			);
		};
/* End PBXProject section */

/* Begin PBXSourcesBuildPhase section */
		AB7E96941B19AE09004A3289 /* Sources */ = {
			isa = PBXSourcesBuildPhase;
			buildActionMask = 2147483647;
			files = (
				AB9AB6EC1B19DF0E00C9F006 /* Misc2D.cpp in Sources */,
			);
			runOnlyForDeploymentPostprocessing = 0;
		};
/* End PBXSourcesBuildPhase section */

/* Begin XCBuildConfiguration section */
		AB7E969D1B19AE09004A3289 /* Debug */ = {
			isa = XCBuildConfiguration;
			buildSettings = {
				ALWAYS_SEARCH_USER_PATHS = NO;
				CLANG_CXX_LANGUAGE_STANDARD = "gnu++0x";
				CLANG_CXX_LIBRARY = "libc++";
				CLANG_ENABLE_MODULES = YES;
				CLANG_ENABLE_OBJC_ARC = YES;
				CLANG_WARN_BLOCK_CAPTURE_AUTORELEASING = YES;
				CLANG_WARN_BOOL_CONVERSION = YES;
				CLANG_WARN_COMMA = YES;
				CLANG_WARN_CONSTANT_CONVERSION = YES;
				CLANG_WARN_DIRECT_OBJC_ISA_USAGE = YES_ERROR;
				CLANG_WARN_EMPTY_BODY = YES;
				CLANG_WARN_ENUM_CONVERSION = YES;
				CLANG_WARN_INFINITE_RECURSION = YES;
				CLANG_WARN_INT_CONVERSION = YES;
				CLANG_WARN_NON_LITERAL_NULL_CONVERSION = YES;
				CLANG_WARN_OBJC_LITERAL_CONVERSION = YES;
				CLANG_WARN_OBJC_ROOT_CLASS = YES_ERROR;
				CLANG_WARN_RANGE_LOOP_ANALYSIS = YES;
				CLANG_WARN_STRICT_PROTOTYPES = YES;
				CLANG_WARN_SUSPICIOUS_MOVE = YES;
				CLANG_WARN_UNREACHABLE_CODE = YES;
				CLANG_WARN__DUPLICATE_METHOD_MATCH = YES;
				COPY_PHASE_STRIP = NO;
				ENABLE_STRICT_OBJC_MSGSEND = YES;
				ENABLE_TESTABILITY = YES;
				GCC_C_LANGUAGE_STANDARD = gnu99;
				GCC_DYNAMIC_NO_PIC = NO;
				GCC_NO_COMMON_BLOCKS = YES;
				GCC_OPTIMIZATION_LEVEL = 0;
				GCC_PREPROCESSOR_DEFINITIONS = (
					"DEBUG=1",
					"$(inherited)",
				);
				GCC_SYMBOLS_PRIVATE_EXTERN = NO;
				GCC_WARN_64_TO_32_BIT_CONVERSION = YES;
				GCC_WARN_ABOUT_RETURN_TYPE = YES_ERROR;
				GCC_WARN_PEDANTIC = YES;
				GCC_WARN_UNDECLARED_SELECTOR = YES;
				GCC_WARN_UNINITIALIZED_AUTOS = YES_AGGRESSIVE;
				GCC_WARN_UNUSED_FUNCTION = YES;
				GCC_WARN_UNUSED_VARIABLE = YES;
				MACOSX_DEPLOYMENT_TARGET = 10.9;
				MTL_ENABLE_DEBUG_INFO = YES;
				ONLY_ACTIVE_ARCH = YES;
				SDKROOT = macosx;
			};
			name = Debug;
		};
		AB7E969E1B19AE09004A3289 /* Release */ = {
			isa = XCBuildConfiguration;
			buildSettings = {
				ALWAYS_SEARCH_USER_PATHS = NO;
				CLANG_CXX_LANGUAGE_STANDARD = "gnu++0x";
				CLANG_CXX_LIBRARY = "libc++";
				CLANG_ENABLE_MODULES = YES;
				CLANG_ENABLE_OBJC_ARC = YES;
				CLANG_WARN_BLOCK_CAPTURE_AUTORELEASING = YES;
				CLANG_WARN_BOOL_CONVERSION = YES;
				CLANG_WARN_COMMA = YES;
				CLANG_WARN_CONSTANT_CONVERSION = YES;
				CLANG_WARN_DIRECT_OBJC_ISA_USAGE = YES_ERROR;
				CLANG_WARN_EMPTY_BODY = YES;
				CLANG_WARN_ENUM_CONVERSION = YES;
				CLANG_WARN_INFINITE_RECURSION = YES;
				CLANG_WARN_INT_CONVERSION = YES;
				CLANG_WARN_NON_LITERAL_NULL_CONVERSION = YES;
				CLANG_WARN_OBJC_LITERAL_CONVERSION = YES;
				CLANG_WARN_OBJC_ROOT_CLASS = YES_ERROR;
				CLANG_WARN_RANGE_LOOP_ANALYSIS = YES;
				CLANG_WARN_STRICT_PROTOTYPES = YES;
				CLANG_WARN_SUSPICIOUS_MOVE = YES;
				CLANG_WARN_UNREACHABLE_CODE = YES;
				CLANG_WARN__DUPLICATE_METHOD_MATCH = YES;
				COPY_PHASE_STRIP = NO;
				DEBUG_INFORMATION_FORMAT = "dwarf-with-dsym";
				ENABLE_NS_ASSERTIONS = NO;
				ENABLE_STRICT_OBJC_MSGSEND = YES;
				GCC_C_LANGUAGE_STANDARD = gnu99;
				GCC_NO_COMMON_BLOCKS = YES;
				GCC_WARN_64_TO_32_BIT_CONVERSION = YES;
				GCC_WARN_ABOUT_RETURN_TYPE = YES_ERROR;
				GCC_WARN_PEDANTIC = YES;
				GCC_WARN_UNDECLARED_SELECTOR = YES;
				GCC_WARN_UNINITIALIZED_AUTOS = YES_AGGRESSIVE;
				GCC_WARN_UNUSED_FUNCTION = YES;
				GCC_WARN_UNUSED_VARIABLE = YES;
				MACOSX_DEPLOYMENT_TARGET = 10.9;
				MTL_ENABLE_DEBUG_INFO = NO;
				SDKROOT = macosx;
			};
			name = Release;
		};
		AB7E96A01B19AE09004A3289 /* Debug */ = {
			isa = XCBuildConfiguration;
			buildSettings = {
				CLANG_WARN_ASSIGN_ENUM = YES;
				CLANG_WARN_DOCUMENTATION_COMMENTS = YES;
				GCC_PREPROCESSOR_DEFINITIONS = (
					"DEBUG=1",
					"$(inherited)",
					RENDERER_OPENGL,
				);
				GCC_WARN_PEDANTIC = YES;
				GCC_WARN_SHADOW = YES;
				GCC_WARN_UNUSED_PARAMETER = YES;
				HEADER_SEARCH_PATHS = (
					"$(inherited)",
					/Applications/Xcode.app/Contents/Developer/Toolchains/XcodeDefault.xctoolchain/usr/include,
					../../../Engine/Include,
				);
				LIBRARY_SEARCH_PATHS = (
					../../../../aether3d_build,
					/Users/glaze/Documents/src/aether3d_build,
				);
				PRODUCT_NAME = "$(TARGET_NAME)";
			};
			name = Debug;
		};
		AB7E96A11B19AE09004A3289 /* Release */ = {
			isa = XCBuildConfiguration;
			buildSettings = {
				CLANG_WARN_ASSIGN_ENUM = YES;
				CLANG_WARN_DOCUMENTATION_COMMENTS = YES;
				GCC_PREPROCESSOR_DEFINITIONS = RENDERER_OPENGL;
				GCC_WARN_PEDANTIC = YES;
				GCC_WARN_SHADOW = YES;
				GCC_WARN_UNUSED_PARAMETER = YES;
				HEADER_SEARCH_PATHS = (
					"$(inherited)",
					/Applications/Xcode.app/Contents/Developer/Toolchains/XcodeDefault.xctoolchain/usr/include,
					../../../Engine/Include,
				);
				LIBRARY_SEARCH_PATHS = (
					../../../../aether3d_build,
					/Users/glaze/Documents/src/aether3d_build,
				);
				PRODUCT_NAME = "$(TARGET_NAME)";
			};
			name = Release;
		};
/* End XCBuildConfiguration section */

/* Begin XCConfigurationList section */
		AB7E96931B19AE09004A3289 /* Build configuration list for PBXProject "Misc2D" */ = {
			isa = XCConfigurationList;
			buildConfigurations = (
				AB7E969D1B19AE09004A3289 /* Debug */,
				AB7E969E1B19AE09004A3289 /* Release */,
			);
			defaultConfigurationIsVisible = 0;
			defaultConfigurationName = Release;
		};
		AB7E969F1B19AE09004A3289 /* Build configuration list for PBXNativeTarget "Misc2D" */ = {
			isa = XCConfigurationList;
			buildConfigurations = (
				AB7E96A01B19AE09004A3289 /* Debug */,
				AB7E96A11B19AE09004A3289 /* Release */,
			);
			defaultConfigurationIsVisible = 0;
			defaultConfigurationName = Release;
		};
/* End XCConfigurationList section */
	};
	rootObject = AB7E96901B19AE09004A3289 /* Project object */;
}
