// !$*UTF8*$!
{
	archiveVersion = 1;
	classes = {
	};
	objectVersion = 46;
	objects = {

/* Begin PBXBuildFile section */
		442A12B01B0CBD8D00D21520 /* FileSystem.hpp in Headers */ = {isa = PBXBuildFile; fileRef = 442A12AF1B0CBD8D00D21520 /* FileSystem.hpp */; };
		AB07F20E1AE15C9800669331 /* AudioClip.cpp in Sources */ = {isa = PBXBuildFile; fileRef = AB07F20D1AE15C9800669331 /* AudioClip.cpp */; };
		AB07F2121AE1611300669331 /* AudioSystemOpenAL.cpp in Sources */ = {isa = PBXBuildFile; fileRef = AB07F2111AE1611300669331 /* AudioSystemOpenAL.cpp */; };
		AB190E2E1B57DB0B005ECE49 /* Material.cpp in Sources */ = {isa = PBXBuildFile; fileRef = AB190E2D1B57DB0B005ECE49 /* Material.cpp */; };
		AB190E301B57DB27005ECE49 /* Material.hpp in Headers */ = {isa = PBXBuildFile; fileRef = AB190E2F1B57DB27005ECE49 /* Material.hpp */; };
		AB2E39361B3543D8001D493E /* RendererCommon.cpp in Sources */ = {isa = PBXBuildFile; fileRef = AB2E39351B3543D8001D493E /* RendererCommon.cpp */; };
		AB3A77D81AB4483F0081864C /* WindowOSX_GL.mm in Sources */ = {isa = PBXBuildFile; fileRef = AB3A77D71AB4483F0081864C /* WindowOSX_GL.mm */; settings = {COMPILER_FLAGS = "-fno-objc-arc"; }; };
		AB3A77DA1AB448500081864C /* System.cpp in Sources */ = {isa = PBXBuildFile; fileRef = AB3A77D91AB448500081864C /* System.cpp */; };
		AB3FD4961AB4330C00D28653 /* System.hpp in Headers */ = {isa = PBXBuildFile; fileRef = AB3FD4941AB4330C00D28653 /* System.hpp */; };
		AB3FD4971AB4330C00D28653 /* Window.hpp in Headers */ = {isa = PBXBuildFile; fileRef = AB3FD4951AB4330C00D28653 /* Window.hpp */; };
		AB6CD09B1ACEDF9E00C4FA84 /* MatrixSSE3.cpp in Sources */ = {isa = PBXBuildFile; fileRef = AB6CD09A1ACEDF9E00C4FA84 /* MatrixSSE3.cpp */; };
		AB77FD581B344CB0001858CC /* TextureCubeGL.cpp in Sources */ = {isa = PBXBuildFile; fileRef = AB77FD571B344CB0001858CC /* TextureCubeGL.cpp */; };
		AB77FD5A1B344FCD001858CC /* TextureCommon.cpp in Sources */ = {isa = PBXBuildFile; fileRef = AB77FD591B344FCD001858CC /* TextureCommon.cpp */; };
		AB78D91C1B19E2E8009928E1 /* RenderTexture.hpp in Headers */ = {isa = PBXBuildFile; fileRef = AB78D91B1B19E2E8009928E1 /* RenderTexture.hpp */; };
		AB78D91F1B19E5A1009928E1 /* TextureBase.hpp in Headers */ = {isa = PBXBuildFile; fileRef = AB78D91E1B19E5A1009928E1 /* TextureBase.hpp */; };
		AB78D9211B19E685009928E1 /* RenderTextureGL.cpp in Sources */ = {isa = PBXBuildFile; fileRef = AB78D9201B19E685009928E1 /* RenderTextureGL.cpp */; };
		AB7EF04F1AE04992008BB657 /* AudioSourceComponent.cpp in Sources */ = {isa = PBXBuildFile; fileRef = AB7EF04E1AE04992008BB657 /* AudioSourceComponent.cpp */; };
		AB7EF0511AE04BC1008BB657 /* stb_vorbis.c in Sources */ = {isa = PBXBuildFile; fileRef = AB7EF0501AE04BC1008BB657 /* stb_vorbis.c */; };
		AB870F9D1B5EBB0C0004BEE5 /* Frustum.cpp in Sources */ = {isa = PBXBuildFile; fileRef = AB870F9C1B5EBB0C0004BEE5 /* Frustum.cpp */; };
		AB889AEB1ABB4C3B005BA86D /* GfxDevice.hpp in Headers */ = {isa = PBXBuildFile; fileRef = AB889AE81ABB4C3B005BA86D /* GfxDevice.hpp */; };
		AB889AED1ABB4C3B005BA86D /* Texture2D_GL45.cpp in Sources */ = {isa = PBXBuildFile; fileRef = AB889AEA1ABB4C3B005BA86D /* Texture2D_GL45.cpp */; };
		AB889AF11ABB4C49005BA86D /* Scene.cpp in Sources */ = {isa = PBXBuildFile; fileRef = AB889AEF1ABB4C49005BA86D /* Scene.cpp */; };
		AB889AF91ABB4C5B005BA86D /* CameraComponent.hpp in Headers */ = {isa = PBXBuildFile; fileRef = AB889AF21ABB4C5B005BA86D /* CameraComponent.hpp */; };
		AB889AFA1ABB4C5B005BA86D /* GameObject.hpp in Headers */ = {isa = PBXBuildFile; fileRef = AB889AF31ABB4C5B005BA86D /* GameObject.hpp */; };
		AB889AFC1ABB4C5B005BA86D /* Scene.hpp in Headers */ = {isa = PBXBuildFile; fileRef = AB889AF51ABB4C5B005BA86D /* Scene.hpp */; };
		AB889AFD1ABB4C5B005BA86D /* SpriteRendererComponent.hpp in Headers */ = {isa = PBXBuildFile; fileRef = AB889AF61ABB4C5B005BA86D /* SpriteRendererComponent.hpp */; };
		AB889AFE1ABB4C5B005BA86D /* Texture2D.hpp in Headers */ = {isa = PBXBuildFile; fileRef = AB889AF71ABB4C5B005BA86D /* Texture2D.hpp */; };
		AB889AFF1ABB4C5B005BA86D /* Vec3.hpp in Headers */ = {isa = PBXBuildFile; fileRef = AB889AF81ABB4C5B005BA86D /* Vec3.hpp */; };
		AB889B021ABB4C70005BA86D /* stb_image.c in Sources */ = {isa = PBXBuildFile; fileRef = AB889B011ABB4C70005BA86D /* stb_image.c */; };
		AB889B081ABB4FDE005BA86D /* CameraComponent.cpp in Sources */ = {isa = PBXBuildFile; fileRef = AB889B051ABB4FDE005BA86D /* CameraComponent.cpp */; };
		AB889B091ABB4FDE005BA86D /* GameObject.cpp in Sources */ = {isa = PBXBuildFile; fileRef = AB889B061ABB4FDE005BA86D /* GameObject.cpp */; };
		AB889B0A1ABB4FDE005BA86D /* SpriteRendererComponent.cpp in Sources */ = {isa = PBXBuildFile; fileRef = AB889B071ABB4FDE005BA86D /* SpriteRendererComponent.cpp */; };
		AB922E4C1B4039A7000F3488 /* Mesh.hpp in Headers */ = {isa = PBXBuildFile; fileRef = AB922E4B1B4039A7000F3488 /* Mesh.hpp */; };
		AB922E4E1B4039DB000F3488 /* Mesh.cpp in Sources */ = {isa = PBXBuildFile; fileRef = AB922E4D1B4039DB000F3488 /* Mesh.cpp */; };
		AB922E511B404CFD000F3488 /* MeshRendererComponent.cpp in Sources */ = {isa = PBXBuildFile; fileRef = AB922E501B404CFD000F3488 /* MeshRendererComponent.cpp */; };
		AB922E531B404D1E000F3488 /* MeshRendererComponent.hpp in Headers */ = {isa = PBXBuildFile; fileRef = AB922E521B404D1E000F3488 /* MeshRendererComponent.hpp */; };
		AB949D351ABC8DDF007D561E /* Shader.hpp in Headers */ = {isa = PBXBuildFile; fileRef = AB949D341ABC8DDF007D561E /* Shader.hpp */; };
		AB949D371ABC8E44007D561E /* ShaderGL.cpp in Sources */ = {isa = PBXBuildFile; fileRef = AB949D361ABC8E44007D561E /* ShaderGL.cpp */; };
		ABA6B0CD1ABF25CC00D84140 /* Matrix.cpp in Sources */ = {isa = PBXBuildFile; fileRef = ABA6B0CC1ABF25CC00D84140 /* Matrix.cpp */; };
		ABA6B0CF1ABF25DC00D84140 /* Matrix.hpp in Headers */ = {isa = PBXBuildFile; fileRef = ABA6B0CE1ABF25DC00D84140 /* Matrix.hpp */; };
		ABB79F9D1BA9B818002A1B5F /* DirectionalLightComponent.cpp in Sources */ = {isa = PBXBuildFile; fileRef = ABB79F9C1BA9B818002A1B5F /* DirectionalLightComponent.cpp */; };
		ABB79F9F1BA9B828002A1B5F /* DirectionalLightComponent.hpp in Headers */ = {isa = PBXBuildFile; fileRef = ABB79F9E1BA9B828002A1B5F /* DirectionalLightComponent.hpp */; };
		ABBD9DC11AC31EBC005AD2ED /* FileWatcher.cpp in Sources */ = {isa = PBXBuildFile; fileRef = ABBD9DC01AC31EBC005AD2ED /* FileWatcher.cpp */; };
		ABC1A6831AC4683400C4F401 /* DDSLoader.cpp in Sources */ = {isa = PBXBuildFile; fileRef = ABC1A6811AC4683400C4F401 /* DDSLoader.cpp */; };
		ABC1A6841AC4683400C4F401 /* DDSLoader.hpp in Headers */ = {isa = PBXBuildFile; fileRef = ABC1A6821AC4683400C4F401 /* DDSLoader.hpp */; };
		ABC1A6871AC4693F00C4F401 /* TransformComponent.cpp in Sources */ = {isa = PBXBuildFile; fileRef = ABC1A6861AC4693F00C4F401 /* TransformComponent.cpp */; };
		ABC8B6071B0D0C1A00E5C32B /* FileSystem.cpp in Sources */ = {isa = PBXBuildFile; fileRef = ABC8B6061B0D0C1A00E5C32B /* FileSystem.cpp */; };
		ABCE07FE1AC9A5C300379611 /* GfxDeviceGL45.cpp in Sources */ = {isa = PBXBuildFile; fileRef = ABCE07FD1AC9A5C300379611 /* GfxDeviceGL45.cpp */; };
		ABCE0C9D1AC069F300F9EC53 /* VertexBuffer.hpp in Headers */ = {isa = PBXBuildFile; fileRef = ABCE0C9C1AC069F300F9EC53 /* VertexBuffer.hpp */; };
		ABCE0C9F1AC069FF00F9EC53 /* VertexBufferGL.cpp in Sources */ = {isa = PBXBuildFile; fileRef = ABCE0C9E1AC069FF00F9EC53 /* VertexBufferGL.cpp */; };
		ABCE0CA41AC06A4000F9EC53 /* glcorearb.h in Headers */ = {isa = PBXBuildFile; fileRef = ABCE0CA11AC06A4000F9EC53 /* glcorearb.h */; };
		ABCE0CA51AC06A4000F9EC53 /* glxw.c in Sources */ = {isa = PBXBuildFile; fileRef = ABCE0CA21AC06A4000F9EC53 /* glxw.c */; };
		ABCE0CA61AC06A4000F9EC53 /* glxw.h in Headers */ = {isa = PBXBuildFile; fileRef = ABCE0CA31AC06A4000F9EC53 /* glxw.h */; };
		ABCE0CA91AC08BD700F9EC53 /* RendererGL.cpp in Sources */ = {isa = PBXBuildFile; fileRef = ABCE0CA81AC08BD700F9EC53 /* RendererGL.cpp */; };
		ABCF19C01AE28EA600822E80 /* TextRendererComponent.cpp in Sources */ = {isa = PBXBuildFile; fileRef = ABCF19BF1AE28EA600822E80 /* TextRendererComponent.cpp */; };
		ABCF19C31AE2D08800822E80 /* Font.cpp in Sources */ = {isa = PBXBuildFile; fileRef = ABCF19C21AE2D08800822E80 /* Font.cpp */; };
		ABD910F41B78F930005EBB74 /* VR.hpp in Headers */ = {isa = PBXBuildFile; fileRef = ABD910F31B78F930005EBB74 /* VR.hpp */; };
		ABD910F61B78F946005EBB74 /* OculusRiftSupport.cpp in Sources */ = {isa = PBXBuildFile; fileRef = ABD910F51B78F946005EBB74 /* OculusRiftSupport.cpp */; };
/* End PBXBuildFile section */

/* Begin PBXFileReference section */
		442A12AF1B0CBD8D00D21520 /* FileSystem.hpp */ = {isa = PBXFileReference; fileEncoding = 4; lastKnownFileType = sourcecode.cpp.h; name = FileSystem.hpp; path = ../Include/FileSystem.hpp; sourceTree = "<group>"; };
		AB07F20D1AE15C9800669331 /* AudioClip.cpp */ = {isa = PBXFileReference; fileEncoding = 4; lastKnownFileType = sourcecode.cpp.cpp; name = AudioClip.cpp; path = ../Core/AudioClip.cpp; sourceTree = "<group>"; };
		AB07F20F1AE15CC400669331 /* AudioClip.hpp */ = {isa = PBXFileReference; lastKnownFileType = sourcecode.cpp.h; name = AudioClip.hpp; path = ../Include/AudioClip.hpp; sourceTree = "<group>"; };
		AB07F2101AE1601500669331 /* AudioSystem.hpp */ = {isa = PBXFileReference; lastKnownFileType = sourcecode.cpp.h; name = AudioSystem.hpp; path = ../Core/AudioSystem.hpp; sourceTree = "<group>"; };
		AB07F2111AE1611300669331 /* AudioSystemOpenAL.cpp */ = {isa = PBXFileReference; fileEncoding = 4; lastKnownFileType = sourcecode.cpp.cpp; name = AudioSystemOpenAL.cpp; path = ../Core/AudioSystemOpenAL.cpp; sourceTree = "<group>"; };
		AB190E2D1B57DB0B005ECE49 /* Material.cpp */ = {isa = PBXFileReference; fileEncoding = 4; lastKnownFileType = sourcecode.cpp.cpp; name = Material.cpp; path = ../Video/Material.cpp; sourceTree = "<group>"; };
		AB190E2F1B57DB27005ECE49 /* Material.hpp */ = {isa = PBXFileReference; fileEncoding = 4; lastKnownFileType = sourcecode.cpp.h; name = Material.hpp; path = ../Include/Material.hpp; sourceTree = "<group>"; };
		AB2E39351B3543D8001D493E /* RendererCommon.cpp */ = {isa = PBXFileReference; fileEncoding = 4; lastKnownFileType = sourcecode.cpp.cpp; name = RendererCommon.cpp; path = ../Video/RendererCommon.cpp; sourceTree = "<group>"; };
		AB3A77D71AB4483F0081864C /* WindowOSX_GL.mm */ = {isa = PBXFileReference; fileEncoding = 4; lastKnownFileType = sourcecode.cpp.objcpp; name = WindowOSX_GL.mm; path = ../Video/WindowOSX_GL.mm; sourceTree = "<group>"; };
		AB3A77D91AB448500081864C /* System.cpp */ = {isa = PBXFileReference; fileEncoding = 4; lastKnownFileType = sourcecode.cpp.cpp; name = System.cpp; path = ../Core/System.cpp; sourceTree = "<group>"; };
		AB3FD4941AB4330C00D28653 /* System.hpp */ = {isa = PBXFileReference; fileEncoding = 4; lastKnownFileType = sourcecode.cpp.h; name = System.hpp; path = ../Include/System.hpp; sourceTree = "<group>"; };
		AB3FD4951AB4330C00D28653 /* Window.hpp */ = {isa = PBXFileReference; fileEncoding = 4; lastKnownFileType = sourcecode.cpp.h; name = Window.hpp; path = ../Include/Window.hpp; sourceTree = "<group>"; };
		AB6CD09A1ACEDF9E00C4FA84 /* MatrixSSE3.cpp */ = {isa = PBXFileReference; fileEncoding = 4; lastKnownFileType = sourcecode.cpp.cpp; name = MatrixSSE3.cpp; path = ../Core/MatrixSSE3.cpp; sourceTree = "<group>"; };
		AB6CD09C1ACEE0B200C4FA84 /* Macros.hpp */ = {isa = PBXFileReference; lastKnownFileType = sourcecode.cpp.h; name = Macros.hpp; path = ../Include/Macros.hpp; sourceTree = "<group>"; };
		AB77FD561B344B26001858CC /* TextureCube.hpp */ = {isa = PBXFileReference; lastKnownFileType = sourcecode.cpp.h; name = TextureCube.hpp; path = ../Include/TextureCube.hpp; sourceTree = "<group>"; };
		AB77FD571B344CB0001858CC /* TextureCubeGL.cpp */ = {isa = PBXFileReference; fileEncoding = 4; lastKnownFileType = sourcecode.cpp.cpp; name = TextureCubeGL.cpp; path = ../Video/TextureCubeGL.cpp; sourceTree = "<group>"; };
		AB77FD591B344FCD001858CC /* TextureCommon.cpp */ = {isa = PBXFileReference; fileEncoding = 4; lastKnownFileType = sourcecode.cpp.cpp; name = TextureCommon.cpp; path = ../Video/TextureCommon.cpp; sourceTree = "<group>"; };
		AB78D91B1B19E2E8009928E1 /* RenderTexture.hpp */ = {isa = PBXFileReference; fileEncoding = 4; lastKnownFileType = sourcecode.cpp.h; name = RenderTexture.hpp; path = ../Include/RenderTexture.hpp; sourceTree = "<group>"; };
		AB78D91E1B19E5A1009928E1 /* TextureBase.hpp */ = {isa = PBXFileReference; fileEncoding = 4; lastKnownFileType = sourcecode.cpp.h; name = TextureBase.hpp; path = ../Include/TextureBase.hpp; sourceTree = "<group>"; };
		AB78D9201B19E685009928E1 /* RenderTextureGL.cpp */ = {isa = PBXFileReference; fileEncoding = 4; lastKnownFileType = sourcecode.cpp.cpp; name = RenderTextureGL.cpp; path = ../Video/RenderTextureGL.cpp; sourceTree = "<group>"; };
		AB7EF04B1AE04899008BB657 /* AudioSourceComponent.hpp */ = {isa = PBXFileReference; lastKnownFileType = sourcecode.cpp.h; name = AudioSourceComponent.hpp; path = ../Include/AudioSourceComponent.hpp; sourceTree = "<group>"; };
		AB7EF04E1AE04992008BB657 /* AudioSourceComponent.cpp */ = {isa = PBXFileReference; fileEncoding = 4; lastKnownFileType = sourcecode.cpp.cpp; name = AudioSourceComponent.cpp; path = ../Components/AudioSourceComponent.cpp; sourceTree = "<group>"; };
		AB7EF0501AE04BC1008BB657 /* stb_vorbis.c */ = {isa = PBXFileReference; fileEncoding = 4; lastKnownFileType = sourcecode.c.c; name = stb_vorbis.c; path = ../ThirdParty/stb_vorbis.c; sourceTree = "<group>"; };
		AB870F9B1B5EBAA90004BEE5 /* Frustum.hpp */ = {isa = PBXFileReference; lastKnownFileType = sourcecode.cpp.h; name = Frustum.hpp; path = ../Core/Frustum.hpp; sourceTree = "<group>"; };
		AB870F9C1B5EBB0C0004BEE5 /* Frustum.cpp */ = {isa = PBXFileReference; fileEncoding = 4; lastKnownFileType = sourcecode.cpp.cpp; name = Frustum.cpp; path = ../Core/Frustum.cpp; sourceTree = "<group>"; };
		AB889AE81ABB4C3B005BA86D /* GfxDevice.hpp */ = {isa = PBXFileReference; fileEncoding = 4; lastKnownFileType = sourcecode.cpp.h; name = GfxDevice.hpp; path = ../Video/GfxDevice.hpp; sourceTree = "<group>"; };
		AB889AEA1ABB4C3B005BA86D /* Texture2D_GL45.cpp */ = {isa = PBXFileReference; fileEncoding = 4; lastKnownFileType = sourcecode.cpp.cpp; name = Texture2D_GL45.cpp; path = ../Video/Texture2D_GL45.cpp; sourceTree = "<group>"; };
		AB889AEF1ABB4C49005BA86D /* Scene.cpp */ = {isa = PBXFileReference; fileEncoding = 4; lastKnownFileType = sourcecode.cpp.cpp; name = Scene.cpp; path = ../Core/Scene.cpp; sourceTree = "<group>"; };
		AB889AF21ABB4C5B005BA86D /* CameraComponent.hpp */ = {isa = PBXFileReference; fileEncoding = 4; lastKnownFileType = sourcecode.cpp.h; name = CameraComponent.hpp; path = ../Include/CameraComponent.hpp; sourceTree = "<group>"; };
		AB889AF31ABB4C5B005BA86D /* GameObject.hpp */ = {isa = PBXFileReference; fileEncoding = 4; lastKnownFileType = sourcecode.cpp.h; name = GameObject.hpp; path = ../Include/GameObject.hpp; sourceTree = "<group>"; };
		AB889AF51ABB4C5B005BA86D /* Scene.hpp */ = {isa = PBXFileReference; fileEncoding = 4; lastKnownFileType = sourcecode.cpp.h; name = Scene.hpp; path = ../Include/Scene.hpp; sourceTree = "<group>"; };
		AB889AF61ABB4C5B005BA86D /* SpriteRendererComponent.hpp */ = {isa = PBXFileReference; fileEncoding = 4; lastKnownFileType = sourcecode.cpp.h; name = SpriteRendererComponent.hpp; path = ../Include/SpriteRendererComponent.hpp; sourceTree = "<group>"; };
		AB889AF71ABB4C5B005BA86D /* Texture2D.hpp */ = {isa = PBXFileReference; fileEncoding = 4; lastKnownFileType = sourcecode.cpp.h; name = Texture2D.hpp; path = ../Include/Texture2D.hpp; sourceTree = "<group>"; };
		AB889AF81ABB4C5B005BA86D /* Vec3.hpp */ = {isa = PBXFileReference; fileEncoding = 4; lastKnownFileType = sourcecode.cpp.h; name = Vec3.hpp; path = ../Include/Vec3.hpp; sourceTree = "<group>"; };
		AB889B011ABB4C70005BA86D /* stb_image.c */ = {isa = PBXFileReference; fileEncoding = 4; lastKnownFileType = sourcecode.c.c; name = stb_image.c; path = ../ThirdParty/stb_image.c; sourceTree = "<group>"; };
		AB889B051ABB4FDE005BA86D /* CameraComponent.cpp */ = {isa = PBXFileReference; fileEncoding = 4; lastKnownFileType = sourcecode.cpp.cpp; name = CameraComponent.cpp; path = ../Components/CameraComponent.cpp; sourceTree = "<group>"; };
		AB889B061ABB4FDE005BA86D /* GameObject.cpp */ = {isa = PBXFileReference; fileEncoding = 4; lastKnownFileType = sourcecode.cpp.cpp; name = GameObject.cpp; path = ../Components/GameObject.cpp; sourceTree = "<group>"; };
		AB889B071ABB4FDE005BA86D /* SpriteRendererComponent.cpp */ = {isa = PBXFileReference; fileEncoding = 4; lastKnownFileType = sourcecode.cpp.cpp; name = SpriteRendererComponent.cpp; path = ../Components/SpriteRendererComponent.cpp; sourceTree = "<group>"; };
		AB922E4B1B4039A7000F3488 /* Mesh.hpp */ = {isa = PBXFileReference; fileEncoding = 4; lastKnownFileType = sourcecode.cpp.h; name = Mesh.hpp; path = ../Include/Mesh.hpp; sourceTree = "<group>"; };
		AB922E4D1B4039DB000F3488 /* Mesh.cpp */ = {isa = PBXFileReference; fileEncoding = 4; lastKnownFileType = sourcecode.cpp.cpp; name = Mesh.cpp; path = ../Core/Mesh.cpp; sourceTree = "<group>"; };
		AB922E501B404CFD000F3488 /* MeshRendererComponent.cpp */ = {isa = PBXFileReference; fileEncoding = 4; lastKnownFileType = sourcecode.cpp.cpp; name = MeshRendererComponent.cpp; path = ../Components/MeshRendererComponent.cpp; sourceTree = "<group>"; };
		AB922E521B404D1E000F3488 /* MeshRendererComponent.hpp */ = {isa = PBXFileReference; fileEncoding = 4; lastKnownFileType = sourcecode.cpp.h; name = MeshRendererComponent.hpp; path = ../Include/MeshRendererComponent.hpp; sourceTree = "<group>"; };
		AB922E5C1B405F5E000F3488 /* SubMesh.hpp */ = {isa = PBXFileReference; lastKnownFileType = sourcecode.cpp.h; name = SubMesh.hpp; path = ../Core/SubMesh.hpp; sourceTree = "<group>"; };
		AB949D341ABC8DDF007D561E /* Shader.hpp */ = {isa = PBXFileReference; fileEncoding = 4; lastKnownFileType = sourcecode.cpp.h; name = Shader.hpp; path = ../Include/Shader.hpp; sourceTree = "<group>"; };
		AB949D361ABC8E44007D561E /* ShaderGL.cpp */ = {isa = PBXFileReference; fileEncoding = 4; lastKnownFileType = sourcecode.cpp.cpp; name = ShaderGL.cpp; path = ../Video/ShaderGL.cpp; sourceTree = "<group>"; };
		ABA6B0CC1ABF25CC00D84140 /* Matrix.cpp */ = {isa = PBXFileReference; fileEncoding = 4; lastKnownFileType = sourcecode.cpp.cpp; name = Matrix.cpp; path = ../Core/Matrix.cpp; sourceTree = "<group>"; };
		ABA6B0CE1ABF25DC00D84140 /* Matrix.hpp */ = {isa = PBXFileReference; fileEncoding = 4; lastKnownFileType = sourcecode.cpp.h; name = Matrix.hpp; path = ../Include/Matrix.hpp; sourceTree = "<group>"; };
		ABB79F9C1BA9B818002A1B5F /* DirectionalLightComponent.cpp */ = {isa = PBXFileReference; fileEncoding = 4; lastKnownFileType = sourcecode.cpp.cpp; name = DirectionalLightComponent.cpp; path = ../Components/DirectionalLightComponent.cpp; sourceTree = "<group>"; };
		ABB79F9E1BA9B828002A1B5F /* DirectionalLightComponent.hpp */ = {isa = PBXFileReference; fileEncoding = 4; lastKnownFileType = sourcecode.cpp.h; name = DirectionalLightComponent.hpp; path = ../Include/DirectionalLightComponent.hpp; sourceTree = "<group>"; };
		ABBD9DBF1AC30EFD005AD2ED /* libaether3d_osx.a */ = {isa = PBXFileReference; explicitFileType = archive.ar; includeInIndex = 0; path = libaether3d_osx.a; sourceTree = BUILT_PRODUCTS_DIR; };
		ABBD9DC01AC31EBC005AD2ED /* FileWatcher.cpp */ = {isa = PBXFileReference; fileEncoding = 4; lastKnownFileType = sourcecode.cpp.cpp; name = FileWatcher.cpp; path = ../Core/FileWatcher.cpp; sourceTree = "<group>"; };
		ABBD9DC21AC31EDB005AD2ED /* FileWatcher.hpp */ = {isa = PBXFileReference; lastKnownFileType = sourcecode.cpp.h; name = FileWatcher.hpp; path = ../Core/FileWatcher.hpp; sourceTree = "<group>"; };
		ABC1A6811AC4683400C4F401 /* DDSLoader.cpp */ = {isa = PBXFileReference; fileEncoding = 4; lastKnownFileType = sourcecode.cpp.cpp; name = DDSLoader.cpp; path = ../Video/DDSLoader.cpp; sourceTree = "<group>"; };
		ABC1A6821AC4683400C4F401 /* DDSLoader.hpp */ = {isa = PBXFileReference; fileEncoding = 4; lastKnownFileType = sourcecode.cpp.h; name = DDSLoader.hpp; path = ../Video/DDSLoader.hpp; sourceTree = "<group>"; };
		ABC1A6851AC468A900C4F401 /* TransformComponent.hpp */ = {isa = PBXFileReference; lastKnownFileType = sourcecode.cpp.h; name = TransformComponent.hpp; path = ../Include/TransformComponent.hpp; sourceTree = "<group>"; };
		ABC1A6861AC4693F00C4F401 /* TransformComponent.cpp */ = {isa = PBXFileReference; fileEncoding = 4; lastKnownFileType = sourcecode.cpp.cpp; name = TransformComponent.cpp; path = ../Components/TransformComponent.cpp; sourceTree = "<group>"; };
		ABC1A6881AC4775C00C4F401 /* Quaternion.hpp */ = {isa = PBXFileReference; lastKnownFileType = sourcecode.cpp.h; name = Quaternion.hpp; path = ../Include/Quaternion.hpp; sourceTree = "<group>"; };
		ABC8B6061B0D0C1A00E5C32B /* FileSystem.cpp */ = {isa = PBXFileReference; fileEncoding = 4; lastKnownFileType = sourcecode.cpp.cpp; name = FileSystem.cpp; path = ../Core/FileSystem.cpp; sourceTree = "<group>"; };
		ABCE07FD1AC9A5C300379611 /* GfxDeviceGL45.cpp */ = {isa = PBXFileReference; fileEncoding = 4; lastKnownFileType = sourcecode.cpp.cpp; name = GfxDeviceGL45.cpp; path = ../Video/GfxDeviceGL45.cpp; sourceTree = "<group>"; };
		ABCE0C9C1AC069F300F9EC53 /* VertexBuffer.hpp */ = {isa = PBXFileReference; fileEncoding = 4; lastKnownFileType = sourcecode.cpp.h; name = VertexBuffer.hpp; path = ../Video/VertexBuffer.hpp; sourceTree = "<group>"; };
		ABCE0C9E1AC069FF00F9EC53 /* VertexBufferGL.cpp */ = {isa = PBXFileReference; fileEncoding = 4; lastKnownFileType = sourcecode.cpp.cpp; name = VertexBufferGL.cpp; path = ../Video/VertexBufferGL.cpp; sourceTree = "<group>"; };
		ABCE0CA11AC06A4000F9EC53 /* glcorearb.h */ = {isa = PBXFileReference; fileEncoding = 4; lastKnownFileType = sourcecode.c.h; name = glcorearb.h; path = ../ThirdParty/GL/glcorearb.h; sourceTree = "<group>"; };
		ABCE0CA21AC06A4000F9EC53 /* glxw.c */ = {isa = PBXFileReference; fileEncoding = 4; lastKnownFileType = sourcecode.c.c; name = glxw.c; path = ../ThirdParty/GL/glxw.c; sourceTree = "<group>"; };
		ABCE0CA31AC06A4000F9EC53 /* glxw.h */ = {isa = PBXFileReference; fileEncoding = 4; lastKnownFileType = sourcecode.c.h; name = glxw.h; path = ../ThirdParty/GL/glxw.h; sourceTree = "<group>"; };
		ABCE0CA71AC08B0400F9EC53 /* Renderer.hpp */ = {isa = PBXFileReference; lastKnownFileType = sourcecode.cpp.h; name = Renderer.hpp; path = ../Video/Renderer.hpp; sourceTree = "<group>"; };
		ABCE0CA81AC08BD700F9EC53 /* RendererGL.cpp */ = {isa = PBXFileReference; fileEncoding = 4; lastKnownFileType = sourcecode.cpp.cpp; name = RendererGL.cpp; path = ../Video/RendererGL.cpp; sourceTree = "<group>"; };
		ABCF19BE1AE28DB200822E80 /* TextRendererComponent.hpp */ = {isa = PBXFileReference; lastKnownFileType = sourcecode.cpp.h; name = TextRendererComponent.hpp; path = ../Include/TextRendererComponent.hpp; sourceTree = "<group>"; };
		ABCF19BF1AE28EA600822E80 /* TextRendererComponent.cpp */ = {isa = PBXFileReference; fileEncoding = 4; lastKnownFileType = sourcecode.cpp.cpp; name = TextRendererComponent.cpp; path = ../Components/TextRendererComponent.cpp; sourceTree = "<group>"; };
		ABCF19C11AE2CF7200822E80 /* Font.hpp */ = {isa = PBXFileReference; lastKnownFileType = sourcecode.cpp.h; name = Font.hpp; path = ../Include/Font.hpp; sourceTree = "<group>"; };
		ABCF19C21AE2D08800822E80 /* Font.cpp */ = {isa = PBXFileReference; fileEncoding = 4; lastKnownFileType = sourcecode.cpp.cpp; name = Font.cpp; path = ../Core/Font.cpp; sourceTree = "<group>"; };
		ABD910F31B78F930005EBB74 /* VR.hpp */ = {isa = PBXFileReference; fileEncoding = 4; lastKnownFileType = sourcecode.cpp.h; name = VR.hpp; path = ../Include/VR.hpp; sourceTree = "<group>"; };
		ABD910F51B78F946005EBB74 /* OculusRiftSupport.cpp */ = {isa = PBXFileReference; fileEncoding = 4; lastKnownFileType = sourcecode.cpp.cpp; name = OculusRiftSupport.cpp; path = ../Video/OculusRiftSupport.cpp; sourceTree = "<group>"; };
/* End PBXFileReference section */

/* Begin PBXFrameworksBuildPhase section */
		AB3FD4721AB432A500D28653 /* Frameworks */ = {
			isa = PBXFrameworksBuildPhase;
			buildActionMask = 2147483647;
			files = (
			);
			runOnlyForDeploymentPostprocessing = 0;
		};
/* End PBXFrameworksBuildPhase section */

/* Begin PBXGroup section */
		AB3A77DB1AB448580081864C /* Core */ = {
			isa = PBXGroup;
			children = (
				AB07F20D1AE15C9800669331 /* AudioClip.cpp */,
				AB07F2101AE1601500669331 /* AudioSystem.hpp */,
				AB07F2111AE1611300669331 /* AudioSystemOpenAL.cpp */,
				ABBD9DC01AC31EBC005AD2ED /* FileWatcher.cpp */,
				ABBD9DC21AC31EDB005AD2ED /* FileWatcher.hpp */,
				ABC8B6061B0D0C1A00E5C32B /* FileSystem.cpp */,
				ABCF19C21AE2D08800822E80 /* Font.cpp */,
				AB870F9C1B5EBB0C0004BEE5 /* Frustum.cpp */,
				AB870F9B1B5EBAA90004BEE5 /* Frustum.hpp */,
				AB6CD09A1ACEDF9E00C4FA84 /* MatrixSSE3.cpp */,
				ABA6B0CC1ABF25CC00D84140 /* Matrix.cpp */,
				AB922E4D1B4039DB000F3488 /* Mesh.cpp */,
				AB889AEF1ABB4C49005BA86D /* Scene.cpp */,
				AB3A77D91AB448500081864C /* System.cpp */,
				AB922E5C1B405F5E000F3488 /* SubMesh.hpp */,
			);
			name = Core;
			sourceTree = "<group>";
		};
		AB3A77DC1AB4486A0081864C /* Video */ = {
			isa = PBXGroup;
			children = (
				ABC1A6811AC4683400C4F401 /* DDSLoader.cpp */,
				ABC1A6821AC4683400C4F401 /* DDSLoader.hpp */,
				ABCE07FD1AC9A5C300379611 /* GfxDeviceGL45.cpp */,
				AB889AE81ABB4C3B005BA86D /* GfxDevice.hpp */,
				AB190E2D1B57DB0B005ECE49 /* Material.cpp */,
				ABD910F51B78F946005EBB74 /* OculusRiftSupport.cpp */,
				ABCE0CA71AC08B0400F9EC53 /* Renderer.hpp */,
				ABCE0CA81AC08BD700F9EC53 /* RendererGL.cpp */,
				AB2E39351B3543D8001D493E /* RendererCommon.cpp */,
				AB78D9201B19E685009928E1 /* RenderTextureGL.cpp */,
				AB949D361ABC8E44007D561E /* ShaderGL.cpp */,
				AB889AEA1ABB4C3B005BA86D /* Texture2D_GL45.cpp */,
				AB77FD571B344CB0001858CC /* TextureCubeGL.cpp */,
				AB77FD591B344FCD001858CC /* TextureCommon.cpp */,
				ABCE0C9E1AC069FF00F9EC53 /* VertexBufferGL.cpp */,
				ABCE0C9C1AC069F300F9EC53 /* VertexBuffer.hpp */,
				AB3A77D71AB4483F0081864C /* WindowOSX_GL.mm */,
			);
			name = Video;
			sourceTree = "<group>";
		};
		AB3FD46C1AB432A500D28653 = {
			isa = PBXGroup;
			children = (
				AB889B041ABB4FD0005BA86D /* Components */,
				AB889B001ABB4C61005BA86D /* ThirdParty */,
				AB3A77DC1AB4486A0081864C /* Video */,
				AB3A77DB1AB448580081864C /* Core */,
				AB3FD4931AB432FD00D28653 /* Include */,
				ABBD9DBF1AC30EFD005AD2ED /* libaether3d_osx.a */,
			);
			sourceTree = "<group>";
		};
		AB3FD4931AB432FD00D28653 /* Include */ = {
			isa = PBXGroup;
			children = (
				AB7EF04B1AE04899008BB657 /* AudioSourceComponent.hpp */,
				AB07F20F1AE15CC400669331 /* AudioClip.hpp */,
				AB889AF21ABB4C5B005BA86D /* CameraComponent.hpp */,
				ABB79F9E1BA9B828002A1B5F /* DirectionalLightComponent.hpp */,
				442A12AF1B0CBD8D00D21520 /* FileSystem.hpp */,
				ABCF19C11AE2CF7200822E80 /* Font.hpp */,
				AB889AF31ABB4C5B005BA86D /* GameObject.hpp */,
				AB6CD09C1ACEE0B200C4FA84 /* Macros.hpp */,
				AB190E2F1B57DB27005ECE49 /* Material.hpp */,
				ABA6B0CE1ABF25DC00D84140 /* Matrix.hpp */,
				AB922E4B1B4039A7000F3488 /* Mesh.hpp */,
				AB922E521B404D1E000F3488 /* MeshRendererComponent.hpp */,
				ABC1A6881AC4775C00C4F401 /* Quaternion.hpp */,
				AB78D91B1B19E2E8009928E1 /* RenderTexture.hpp */,
				AB889AF51ABB4C5B005BA86D /* Scene.hpp */,
				AB949D341ABC8DDF007D561E /* Shader.hpp */,
				AB889AF61ABB4C5B005BA86D /* SpriteRendererComponent.hpp */,
				AB3FD4941AB4330C00D28653 /* System.hpp */,
				AB889AF71ABB4C5B005BA86D /* Texture2D.hpp */,
				AB77FD561B344B26001858CC /* TextureCube.hpp */,
				AB78D91E1B19E5A1009928E1 /* TextureBase.hpp */,
				ABCF19BE1AE28DB200822E80 /* TextRendererComponent.hpp */,
				ABC1A6851AC468A900C4F401 /* TransformComponent.hpp */,
				AB889AF81ABB4C5B005BA86D /* Vec3.hpp */,
				ABD910F31B78F930005EBB74 /* VR.hpp */,
				AB3FD4951AB4330C00D28653 /* Window.hpp */,
			);
			name = Include;
			sourceTree = "<group>";
		};
		AB889B001ABB4C61005BA86D /* ThirdParty */ = {
			isa = PBXGroup;
			children = (
				ABCE0CA01AC06A3100F9EC53 /* GL */,
				AB7EF0501AE04BC1008BB657 /* stb_vorbis.c */,
				AB889B011ABB4C70005BA86D /* stb_image.c */,
			);
			name = ThirdParty;
			sourceTree = "<group>";
		};
		AB889B041ABB4FD0005BA86D /* Components */ = {
			isa = PBXGroup;
			children = (
				AB7EF04E1AE04992008BB657 /* AudioSourceComponent.cpp */,
				AB889B051ABB4FDE005BA86D /* CameraComponent.cpp */,
				ABB79F9C1BA9B818002A1B5F /* DirectionalLightComponent.cpp */,
				AB889B061ABB4FDE005BA86D /* GameObject.cpp */,
				AB922E501B404CFD000F3488 /* MeshRendererComponent.cpp */,
				AB889B071ABB4FDE005BA86D /* SpriteRendererComponent.cpp */,
				ABC1A6861AC4693F00C4F401 /* TransformComponent.cpp */,
				ABCF19BF1AE28EA600822E80 /* TextRendererComponent.cpp */,
			);
			name = Components;
			sourceTree = "<group>";
		};
		ABCE0CA01AC06A3100F9EC53 /* GL */ = {
			isa = PBXGroup;
			children = (
				ABCE0CA11AC06A4000F9EC53 /* glcorearb.h */,
				ABCE0CA21AC06A4000F9EC53 /* glxw.c */,
				ABCE0CA31AC06A4000F9EC53 /* glxw.h */,
			);
			name = GL;
			sourceTree = "<group>";
		};
/* End PBXGroup section */

/* Begin PBXHeadersBuildPhase section */
		AB3FD4731AB432A500D28653 /* Headers */ = {
			isa = PBXHeadersBuildPhase;
			buildActionMask = 2147483647;
			files = (
				AB3FD4971AB4330C00D28653 /* Window.hpp in Headers */,
				ABA6B0CF1ABF25DC00D84140 /* Matrix.hpp in Headers */,
				AB922E531B404D1E000F3488 /* MeshRendererComponent.hpp in Headers */,
				AB889AF91ABB4C5B005BA86D /* CameraComponent.hpp in Headers */,
				ABCE0C9D1AC069F300F9EC53 /* VertexBuffer.hpp in Headers */,
				AB949D351ABC8DDF007D561E /* Shader.hpp in Headers */,
				AB190E301B57DB27005ECE49 /* Material.hpp in Headers */,
				ABC1A6841AC4683400C4F401 /* DDSLoader.hpp in Headers */,
				ABD910F41B78F930005EBB74 /* VR.hpp in Headers */,
				AB889AFD1ABB4C5B005BA86D /* SpriteRendererComponent.hpp in Headers */,
				ABB79F9F1BA9B828002A1B5F /* DirectionalLightComponent.hpp in Headers */,
				ABCE0CA41AC06A4000F9EC53 /* glcorearb.h in Headers */,
				AB78D91C1B19E2E8009928E1 /* RenderTexture.hpp in Headers */,
				AB3FD4961AB4330C00D28653 /* System.hpp in Headers */,
				442A12B01B0CBD8D00D21520 /* FileSystem.hpp in Headers */,
				AB889AFE1ABB4C5B005BA86D /* Texture2D.hpp in Headers */,
				AB889AEB1ABB4C3B005BA86D /* GfxDevice.hpp in Headers */,
				AB78D91F1B19E5A1009928E1 /* TextureBase.hpp in Headers */,
				AB922E4C1B4039A7000F3488 /* Mesh.hpp in Headers */,
				ABCE0CA61AC06A4000F9EC53 /* glxw.h in Headers */,
				AB889AFA1ABB4C5B005BA86D /* GameObject.hpp in Headers */,
				AB889AFC1ABB4C5B005BA86D /* Scene.hpp in Headers */,
				AB889AFF1ABB4C5B005BA86D /* Vec3.hpp in Headers */,
			);
			runOnlyForDeploymentPostprocessing = 0;
		};
/* End PBXHeadersBuildPhase section */

/* Begin PBXNativeTarget section */
		AB3FD4741AB432A500D28653 /* Aether3D_OSX */ = {
			isa = PBXNativeTarget;
			buildConfigurationList = AB3FD4891AB432A500D28653 /* Build configuration list for PBXNativeTarget "Aether3D_OSX" */;
			buildPhases = (
				AB3FD4711AB432A500D28653 /* Sources */,
				AB3FD4721AB432A500D28653 /* Frameworks */,
				AB3FD4731AB432A500D28653 /* Headers */,
			);
			buildRules = (
			);
			dependencies = (
			);
			name = Aether3D_OSX;
			productName = Aether3D_OSX;
			productReference = ABBD9DBF1AC30EFD005AD2ED /* libaether3d_osx.a */;
			productType = "com.apple.product-type.library.static";
		};
/* End PBXNativeTarget section */

/* Begin PBXProject section */
		AB3FD46D1AB432A500D28653 /* Project object */ = {
			isa = PBXProject;
			attributes = {
				LastUpgradeCheck = 0620;
				ORGANIZATIONNAME = "Timo Wiren";
				TargetAttributes = {
					AB3FD4741AB432A500D28653 = {
						CreatedOnToolsVersion = 6.1.1;
					};
				};
			};
			buildConfigurationList = AB3FD4701AB432A500D28653 /* Build configuration list for PBXProject "Aether3D_OSX" */;
			compatibilityVersion = "Xcode 3.2";
			developmentRegion = English;
			hasScannedForEncodings = 0;
			knownRegions = (
				en,
			);
			mainGroup = AB3FD46C1AB432A500D28653;
			productRefGroup = AB3FD46C1AB432A500D28653;
			projectDirPath = "";
			projectRoot = "";
			targets = (
				AB3FD4741AB432A500D28653 /* Aether3D_OSX */,
			);
		};
/* End PBXProject section */

/* Begin PBXSourcesBuildPhase section */
		AB3FD4711AB432A500D28653 /* Sources */ = {
			isa = PBXSourcesBuildPhase;
			buildActionMask = 2147483647;
			files = (
				ABA6B0CD1ABF25CC00D84140 /* Matrix.cpp in Sources */,
				AB889B081ABB4FDE005BA86D /* CameraComponent.cpp in Sources */,
				ABCE0C9F1AC069FF00F9EC53 /* VertexBufferGL.cpp in Sources */,
				ABCE0CA91AC08BD700F9EC53 /* RendererGL.cpp in Sources */,
				ABC1A6871AC4693F00C4F401 /* TransformComponent.cpp in Sources */,
				AB889B0A1ABB4FDE005BA86D /* SpriteRendererComponent.cpp in Sources */,
				AB6CD09B1ACEDF9E00C4FA84 /* MatrixSSE3.cpp in Sources */,
				AB889AF11ABB4C49005BA86D /* Scene.cpp in Sources */,
				AB07F2121AE1611300669331 /* AudioSystemOpenAL.cpp in Sources */,
				ABCF19C31AE2D08800822E80 /* Font.cpp in Sources */,
				ABCF19C01AE28EA600822E80 /* TextRendererComponent.cpp in Sources */,
				AB7EF04F1AE04992008BB657 /* AudioSourceComponent.cpp in Sources */,
				AB190E2E1B57DB0B005ECE49 /* Material.cpp in Sources */,
				AB2E39361B3543D8001D493E /* RendererCommon.cpp in Sources */,
				AB7EF0511AE04BC1008BB657 /* stb_vorbis.c in Sources */,
				AB3A77DA1AB448500081864C /* System.cpp in Sources */,
				ABC8B6071B0D0C1A00E5C32B /* FileSystem.cpp in Sources */,
				AB78D9211B19E685009928E1 /* RenderTextureGL.cpp in Sources */,
				AB949D371ABC8E44007D561E /* ShaderGL.cpp in Sources */,
				ABC1A6831AC4683400C4F401 /* DDSLoader.cpp in Sources */,
				ABCE0CA51AC06A4000F9EC53 /* glxw.c in Sources */,
				AB889AED1ABB4C3B005BA86D /* Texture2D_GL45.cpp in Sources */,
				AB77FD5A1B344FCD001858CC /* TextureCommon.cpp in Sources */,
				AB922E511B404CFD000F3488 /* MeshRendererComponent.cpp in Sources */,
				ABB79F9D1BA9B818002A1B5F /* DirectionalLightComponent.cpp in Sources */,
				AB3A77D81AB4483F0081864C /* WindowOSX_GL.mm in Sources */,
				AB889B021ABB4C70005BA86D /* stb_image.c in Sources */,
				AB870F9D1B5EBB0C0004BEE5 /* Frustum.cpp in Sources */,
				AB922E4E1B4039DB000F3488 /* Mesh.cpp in Sources */,
				AB07F20E1AE15C9800669331 /* AudioClip.cpp in Sources */,
				AB77FD581B344CB0001858CC /* TextureCubeGL.cpp in Sources */,
				ABBD9DC11AC31EBC005AD2ED /* FileWatcher.cpp in Sources */,
				AB889B091ABB4FDE005BA86D /* GameObject.cpp in Sources */,
				ABCE07FE1AC9A5C300379611 /* GfxDeviceGL45.cpp in Sources */,
				ABD910F61B78F946005EBB74 /* OculusRiftSupport.cpp in Sources */,
			);
			runOnlyForDeploymentPostprocessing = 0;
		};
/* End PBXSourcesBuildPhase section */

/* Begin XCBuildConfiguration section */
		AB3FD4871AB432A500D28653 /* Debug */ = {
			isa = XCBuildConfiguration;
			buildSettings = {
				ALWAYS_SEARCH_USER_PATHS = NO;
				CLANG_CXX_LANGUAGE_STANDARD = "gnu++0x";
				CLANG_CXX_LIBRARY = "libc++";
				CLANG_ENABLE_MODULES = YES;
				CLANG_ENABLE_OBJC_ARC = YES;
				CLANG_WARN_ASSIGN_ENUM = YES;
				CLANG_WARN_BOOL_CONVERSION = YES;
				CLANG_WARN_CONSTANT_CONVERSION = YES;
				CLANG_WARN_DIRECT_OBJC_ISA_USAGE = YES_ERROR;
				CLANG_WARN_EMPTY_BODY = YES;
				CLANG_WARN_ENUM_CONVERSION = YES;
				CLANG_WARN_INT_CONVERSION = YES;
				CLANG_WARN_OBJC_ROOT_CLASS = YES_ERROR;
				CLANG_WARN_UNREACHABLE_CODE = YES;
				CLANG_WARN__DUPLICATE_METHOD_MATCH = YES;
				COPY_PHASE_STRIP = NO;
				ENABLE_STRICT_OBJC_MSGSEND = YES;
				GCC_C_LANGUAGE_STANDARD = gnu99;
				GCC_DYNAMIC_NO_PIC = NO;
				GCC_OPTIMIZATION_LEVEL = 0;
				GCC_PREPROCESSOR_DEFINITIONS = (
					"DEBUG=1",
					"$(inherited)",
				);
				GCC_SYMBOLS_PRIVATE_EXTERN = NO;
				GCC_WARN_64_TO_32_BIT_CONVERSION = YES;
				GCC_WARN_ABOUT_RETURN_TYPE = YES_ERROR;
				GCC_WARN_UNDECLARED_SELECTOR = YES;
				GCC_WARN_UNINITIALIZED_AUTOS = YES_AGGRESSIVE;
				GCC_WARN_UNUSED_FUNCTION = YES;
				GCC_WARN_UNUSED_PARAMETER = YES;
				GCC_WARN_UNUSED_VARIABLE = YES;
				MACOSX_DEPLOYMENT_TARGET = 10.9;
				MTL_ENABLE_DEBUG_INFO = YES;
				ONLY_ACTIVE_ARCH = YES;
				SDKROOT = macosx;
			};
			name = Debug;
		};
		AB3FD4881AB432A500D28653 /* Release */ = {
			isa = XCBuildConfiguration;
			buildSettings = {
				ALWAYS_SEARCH_USER_PATHS = NO;
				CLANG_CXX_LANGUAGE_STANDARD = "gnu++0x";
				CLANG_CXX_LIBRARY = "libc++";
				CLANG_ENABLE_MODULES = YES;
				CLANG_ENABLE_OBJC_ARC = YES;
				CLANG_WARN_ASSIGN_ENUM = YES;
				CLANG_WARN_BOOL_CONVERSION = YES;
				CLANG_WARN_CONSTANT_CONVERSION = YES;
				CLANG_WARN_DIRECT_OBJC_ISA_USAGE = YES_ERROR;
				CLANG_WARN_EMPTY_BODY = YES;
				CLANG_WARN_ENUM_CONVERSION = YES;
				CLANG_WARN_INT_CONVERSION = YES;
				CLANG_WARN_OBJC_ROOT_CLASS = YES_ERROR;
				CLANG_WARN_UNREACHABLE_CODE = YES;
				CLANG_WARN__DUPLICATE_METHOD_MATCH = YES;
				COPY_PHASE_STRIP = YES;
				DEBUG_INFORMATION_FORMAT = "dwarf-with-dsym";
				ENABLE_NS_ASSERTIONS = NO;
				ENABLE_STRICT_OBJC_MSGSEND = YES;
				GCC_C_LANGUAGE_STANDARD = gnu99;
				GCC_WARN_64_TO_32_BIT_CONVERSION = YES;
				GCC_WARN_ABOUT_RETURN_TYPE = YES_ERROR;
				GCC_WARN_UNDECLARED_SELECTOR = YES;
				GCC_WARN_UNINITIALIZED_AUTOS = YES_AGGRESSIVE;
				GCC_WARN_UNUSED_FUNCTION = YES;
				GCC_WARN_UNUSED_PARAMETER = YES;
				GCC_WARN_UNUSED_VARIABLE = YES;
				MACOSX_DEPLOYMENT_TARGET = 10.9;
				MTL_ENABLE_DEBUG_INFO = NO;
				SDKROOT = macosx;
			};
			name = Release;
		};
		AB3FD48A1AB432A500D28653 /* Debug */ = {
			isa = XCBuildConfiguration;
			buildSettings = {
				CLANG_WARN_DOCUMENTATION_COMMENTS = YES;
				COMBINE_HIDPI_IMAGES = YES;
				CONFIGURATION_BUILD_DIR = "$(BUILD_DIR)";
				EXECUTABLE_PREFIX = "";
				GCC_PREPROCESSOR_DEFINITIONS = (
					"DEBUG=1",
					RENDERER_OPENGL,
				);
				GCC_WARN_PEDANTIC = YES;
				GCC_WARN_SHADOW = YES;
				HEADER_SEARCH_PATHS = (
					"$(inherited)",
					/Applications/Xcode.app/Contents/Developer/Toolchains/XcodeDefault.xctoolchain/usr/include,
					Include,
					../ThirdParty,
				);
				INSTALL_PATH = "";
				PRODUCT_MODULE_NAME = aether3d_osx;
				PRODUCT_NAME = libaether3d_osx;
				WARNING_CFLAGS = (
					"-Weverything",
					"-Wno-old-style-cast",
					"-Wno-padded",
					"-Wno-c++98-compat",
					"-Wno-c++98-compat-pedantic",
					"-Wno-exit-time-destructors",
					"-Wno-float-equal",
					"-Wno-unused-macros",
					"-Wno-sign-conversion",
					"-Wno-missing-variable-declarations",
					"-Wno-undef",
					"-Wno-missing-prototypes",
					"-Wno-documentation",
					"-Wno-implicit-fallthrough",
					"-Wno-global-constructors",
				);
			};
			name = Debug;
		};
		AB3FD48B1AB432A500D28653 /* Release */ = {
			isa = XCBuildConfiguration;
			buildSettings = {
				CLANG_WARN_DOCUMENTATION_COMMENTS = YES;
				COMBINE_HIDPI_IMAGES = YES;
				CONFIGURATION_BUILD_DIR = "$(BUILD_DIR)";
				EXECUTABLE_PREFIX = "";
				GCC_PREPROCESSOR_DEFINITIONS = RENDERER_OPENGL;
				GCC_WARN_PEDANTIC = YES;
				GCC_WARN_SHADOW = YES;
				HEADER_SEARCH_PATHS = (
					"$(inherited)",
					/Applications/Xcode.app/Contents/Developer/Toolchains/XcodeDefault.xctoolchain/usr/include,
					Include,
					../ThirdParty,
				);
				INSTALL_PATH = "";
				PRODUCT_MODULE_NAME = aether3d_osx;
				PRODUCT_NAME = libaether3d_osx;
				WARNING_CFLAGS = (
					"-Weverything",
					"-Wno-old-style-cast",
					"-Wno-padded",
					"-Wno-c++98-compat",
					"-Wno-c++98-compat-pedantic",
					"-Wno-exit-time-destructors",
					"-Wno-float-equal",
					"-Wno-unused-macros",
					"-Wno-sign-conversion",
					"-Wno-missing-variable-declarations",
					"-Wno-undef",
					"-Wno-missing-prototypes",
					"-Wno-documentation",
					"-Wno-implicit-fallthrough",
					"-Wno-global-constructors",
				);
			};
			name = Release;
		};
/* End XCBuildConfiguration section */

/* Begin XCConfigurationList section */
		AB3FD4701AB432A500D28653 /* Build configuration list for PBXProject "Aether3D_OSX" */ = {
			isa = XCConfigurationList;
			buildConfigurations = (
				AB3FD4871AB432A500D28653 /* Debug */,
				AB3FD4881AB432A500D28653 /* Release */,
			);
			defaultConfigurationIsVisible = 0;
			defaultConfigurationName = Release;
		};
		AB3FD4891AB432A500D28653 /* Build configuration list for PBXNativeTarget "Aether3D_OSX" */ = {
			isa = XCConfigurationList;
			buildConfigurations = (
				AB3FD48A1AB432A500D28653 /* Debug */,
				AB3FD48B1AB432A500D28653 /* Release */,
			);
			defaultConfigurationIsVisible = 0;
			defaultConfigurationName = Release;
		};
/* End XCConfigurationList section */
	};
	rootObject = AB3FD46D1AB432A500D28653 /* Project object */;
}
