// !$*UTF8*$!
{
	archiveVersion = 1;
	classes = {
	};
	objectVersion = 46;
	objects = {

/* Begin PBXBuildFile section */
		AB3A77D81AB4483F0081864C /* WindowOSX_GL.mm in Sources */ = {isa = PBXBuildFile; fileRef = AB3A77D71AB4483F0081864C /* WindowOSX_GL.mm */; settings = {COMPILER_FLAGS = "-fno-objc-arc"; }; };
		AB3A77DA1AB448500081864C /* System.cpp in Sources */ = {isa = PBXBuildFile; fileRef = AB3A77D91AB448500081864C /* System.cpp */; };
		AB3FD4961AB4330C00D28653 /* System.hpp in Headers */ = {isa = PBXBuildFile; fileRef = AB3FD4941AB4330C00D28653 /* System.hpp */; };
		AB3FD4971AB4330C00D28653 /* Window.hpp in Headers */ = {isa = PBXBuildFile; fileRef = AB3FD4951AB4330C00D28653 /* Window.hpp */; };
		AB889AEB1ABB4C3B005BA86D /* GfxDevice.hpp in Headers */ = {isa = PBXBuildFile; fileRef = AB889AE81ABB4C3B005BA86D /* GfxDevice.hpp */; };
		AB889AEC1ABB4C3B005BA86D /* GfxDeviceGL41.cpp in Sources */ = {isa = PBXBuildFile; fileRef = AB889AE91ABB4C3B005BA86D /* GfxDeviceGL41.cpp */; };
		AB889AED1ABB4C3B005BA86D /* Texture2D_GL45.cpp in Sources */ = {isa = PBXBuildFile; fileRef = AB889AEA1ABB4C3B005BA86D /* Texture2D_GL45.cpp */; };
		AB889AF01ABB4C49005BA86D /* Math.cpp in Sources */ = {isa = PBXBuildFile; fileRef = AB889AEE1ABB4C49005BA86D /* Math.cpp */; };
		AB889AF11ABB4C49005BA86D /* Scene.cpp in Sources */ = {isa = PBXBuildFile; fileRef = AB889AEF1ABB4C49005BA86D /* Scene.cpp */; };
		AB889AF91ABB4C5B005BA86D /* CameraComponent.hpp in Headers */ = {isa = PBXBuildFile; fileRef = AB889AF21ABB4C5B005BA86D /* CameraComponent.hpp */; };
		AB889AFA1ABB4C5B005BA86D /* GameObject.hpp in Headers */ = {isa = PBXBuildFile; fileRef = AB889AF31ABB4C5B005BA86D /* GameObject.hpp */; };
		AB889AFB1ABB4C5B005BA86D /* Math.hpp in Headers */ = {isa = PBXBuildFile; fileRef = AB889AF41ABB4C5B005BA86D /* Math.hpp */; };
		AB889AFC1ABB4C5B005BA86D /* Scene.hpp in Headers */ = {isa = PBXBuildFile; fileRef = AB889AF51ABB4C5B005BA86D /* Scene.hpp */; };
		AB889AFD1ABB4C5B005BA86D /* SpriteRendererComponent.hpp in Headers */ = {isa = PBXBuildFile; fileRef = AB889AF61ABB4C5B005BA86D /* SpriteRendererComponent.hpp */; };
		AB889AFE1ABB4C5B005BA86D /* Texture2D.hpp in Headers */ = {isa = PBXBuildFile; fileRef = AB889AF71ABB4C5B005BA86D /* Texture2D.hpp */; };
		AB889AFF1ABB4C5B005BA86D /* Vec3.hpp in Headers */ = {isa = PBXBuildFile; fileRef = AB889AF81ABB4C5B005BA86D /* Vec3.hpp */; };
		AB889B021ABB4C70005BA86D /* stb_image.c in Sources */ = {isa = PBXBuildFile; fileRef = AB889B011ABB4C70005BA86D /* stb_image.c */; };
		AB889B081ABB4FDE005BA86D /* CameraComponent.cpp in Sources */ = {isa = PBXBuildFile; fileRef = AB889B051ABB4FDE005BA86D /* CameraComponent.cpp */; };
		AB889B091ABB4FDE005BA86D /* GameObject.cpp in Sources */ = {isa = PBXBuildFile; fileRef = AB889B061ABB4FDE005BA86D /* GameObject.cpp */; };
		AB889B0A1ABB4FDE005BA86D /* SpriteRendererComponent.cpp in Sources */ = {isa = PBXBuildFile; fileRef = AB889B071ABB4FDE005BA86D /* SpriteRendererComponent.cpp */; };
/* End PBXBuildFile section */

/* Begin PBXFileReference section */
		AB3A77D71AB4483F0081864C /* WindowOSX_GL.mm */ = {isa = PBXFileReference; fileEncoding = 4; lastKnownFileType = sourcecode.cpp.objcpp; name = WindowOSX_GL.mm; path = ../Video/WindowOSX_GL.mm; sourceTree = "<group>"; };
		AB3A77D91AB448500081864C /* System.cpp */ = {isa = PBXFileReference; fileEncoding = 4; lastKnownFileType = sourcecode.cpp.cpp; name = System.cpp; path = ../Core/System.cpp; sourceTree = "<group>"; };
		AB3FD4751AB432A500D28653 /* libaether3d_osx.a */ = {isa = PBXFileReference; explicitFileType = archive.ar; includeInIndex = 0; path = libaether3d_osx.a; sourceTree = BUILT_PRODUCTS_DIR; };
		AB3FD4941AB4330C00D28653 /* System.hpp */ = {isa = PBXFileReference; fileEncoding = 4; lastKnownFileType = sourcecode.cpp.h; name = System.hpp; path = ../Include/System.hpp; sourceTree = "<group>"; };
		AB3FD4951AB4330C00D28653 /* Window.hpp */ = {isa = PBXFileReference; fileEncoding = 4; lastKnownFileType = sourcecode.cpp.h; name = Window.hpp; path = ../Include/Window.hpp; sourceTree = "<group>"; };
		AB889AE81ABB4C3B005BA86D /* GfxDevice.hpp */ = {isa = PBXFileReference; fileEncoding = 4; lastKnownFileType = sourcecode.cpp.h; name = GfxDevice.hpp; path = ../Video/GfxDevice.hpp; sourceTree = "<group>"; };
		AB889AE91ABB4C3B005BA86D /* GfxDeviceGL41.cpp */ = {isa = PBXFileReference; fileEncoding = 4; lastKnownFileType = sourcecode.cpp.cpp; name = GfxDeviceGL41.cpp; path = ../Video/GfxDeviceGL41.cpp; sourceTree = "<group>"; };
		AB889AEA1ABB4C3B005BA86D /* Texture2D_GL45.cpp */ = {isa = PBXFileReference; fileEncoding = 4; lastKnownFileType = sourcecode.cpp.cpp; name = Texture2D_GL45.cpp; path = ../Video/Texture2D_GL45.cpp; sourceTree = "<group>"; };
		AB889AEE1ABB4C49005BA86D /* Math.cpp */ = {isa = PBXFileReference; fileEncoding = 4; lastKnownFileType = sourcecode.cpp.cpp; name = Math.cpp; path = ../Core/Math.cpp; sourceTree = "<group>"; };
		AB889AEF1ABB4C49005BA86D /* Scene.cpp */ = {isa = PBXFileReference; fileEncoding = 4; lastKnownFileType = sourcecode.cpp.cpp; name = Scene.cpp; path = ../Core/Scene.cpp; sourceTree = "<group>"; };
		AB889AF21ABB4C5B005BA86D /* CameraComponent.hpp */ = {isa = PBXFileReference; fileEncoding = 4; lastKnownFileType = sourcecode.cpp.h; name = CameraComponent.hpp; path = ../Include/CameraComponent.hpp; sourceTree = "<group>"; };
		AB889AF31ABB4C5B005BA86D /* GameObject.hpp */ = {isa = PBXFileReference; fileEncoding = 4; lastKnownFileType = sourcecode.cpp.h; name = GameObject.hpp; path = ../Include/GameObject.hpp; sourceTree = "<group>"; };
		AB889AF41ABB4C5B005BA86D /* Math.hpp */ = {isa = PBXFileReference; fileEncoding = 4; lastKnownFileType = sourcecode.cpp.h; name = Math.hpp; path = ../Include/Math.hpp; sourceTree = "<group>"; };
		AB889AF51ABB4C5B005BA86D /* Scene.hpp */ = {isa = PBXFileReference; fileEncoding = 4; lastKnownFileType = sourcecode.cpp.h; name = Scene.hpp; path = ../Include/Scene.hpp; sourceTree = "<group>"; };
		AB889AF61ABB4C5B005BA86D /* SpriteRendererComponent.hpp */ = {isa = PBXFileReference; fileEncoding = 4; lastKnownFileType = sourcecode.cpp.h; name = SpriteRendererComponent.hpp; path = ../Include/SpriteRendererComponent.hpp; sourceTree = "<group>"; };
		AB889AF71ABB4C5B005BA86D /* Texture2D.hpp */ = {isa = PBXFileReference; fileEncoding = 4; lastKnownFileType = sourcecode.cpp.h; name = Texture2D.hpp; path = ../Include/Texture2D.hpp; sourceTree = "<group>"; };
		AB889AF81ABB4C5B005BA86D /* Vec3.hpp */ = {isa = PBXFileReference; fileEncoding = 4; lastKnownFileType = sourcecode.cpp.h; name = Vec3.hpp; path = ../Include/Vec3.hpp; sourceTree = "<group>"; };
		AB889B011ABB4C70005BA86D /* stb_image.c */ = {isa = PBXFileReference; fileEncoding = 4; lastKnownFileType = sourcecode.c.c; name = stb_image.c; path = ../ThirdParty/stb_image.c; sourceTree = "<group>"; };
		AB889B051ABB4FDE005BA86D /* CameraComponent.cpp */ = {isa = PBXFileReference; fileEncoding = 4; lastKnownFileType = sourcecode.cpp.cpp; name = CameraComponent.cpp; path = ../Components/CameraComponent.cpp; sourceTree = "<group>"; };
		AB889B061ABB4FDE005BA86D /* GameObject.cpp */ = {isa = PBXFileReference; fileEncoding = 4; lastKnownFileType = sourcecode.cpp.cpp; name = GameObject.cpp; path = ../Components/GameObject.cpp; sourceTree = "<group>"; };
		AB889B071ABB4FDE005BA86D /* SpriteRendererComponent.cpp */ = {isa = PBXFileReference; fileEncoding = 4; lastKnownFileType = sourcecode.cpp.cpp; name = SpriteRendererComponent.cpp; path = ../Components/SpriteRendererComponent.cpp; sourceTree = "<group>"; };
/* End PBXFileReference section */

/* Begin PBXFrameworksBuildPhase section */
		AB3FD4721AB432A500D28653 /* Frameworks */ = {
			isa = PBXFrameworksBuildPhase;
			buildActionMask = 2147483647;
			files = (
			);
			runOnlyForDeploymentPostprocessing = 0;
		};
/* End PBXFrameworksBuildPhase section */

/* Begin PBXGroup section */
		AB3A77DB1AB448580081864C /* Core */ = {
			isa = PBXGroup;
			children = (
				AB889AEE1ABB4C49005BA86D /* Math.cpp */,
				AB889AEF1ABB4C49005BA86D /* Scene.cpp */,
				AB3A77D91AB448500081864C /* System.cpp */,
			);
			name = Core;
			sourceTree = "<group>";
		};
		AB3A77DC1AB4486A0081864C /* Video */ = {
			isa = PBXGroup;
			children = (
				AB889AE81ABB4C3B005BA86D /* GfxDevice.hpp */,
				AB889AE91ABB4C3B005BA86D /* GfxDeviceGL41.cpp */,
				AB889AEA1ABB4C3B005BA86D /* Texture2D_GL45.cpp */,
				AB3A77D71AB4483F0081864C /* WindowOSX_GL.mm */,
			);
			name = Video;
			sourceTree = "<group>";
		};
		AB3FD46C1AB432A500D28653 = {
			isa = PBXGroup;
			children = (
				AB889B041ABB4FD0005BA86D /* Components */,
				AB889B001ABB4C61005BA86D /* ThirdParty */,
				AB3A77DC1AB4486A0081864C /* Video */,
				AB3A77DB1AB448580081864C /* Core */,
				AB3FD4931AB432FD00D28653 /* Include */,
				AB3FD4761AB432A500D28653 /* Products */,
			);
			sourceTree = "<group>";
		};
		AB3FD4761AB432A500D28653 /* Products */ = {
			isa = PBXGroup;
			children = (
				AB3FD4751AB432A500D28653 /* libaether3d_osx.a */,
			);
			name = Products;
			sourceTree = "<group>";
		};
		AB3FD4931AB432FD00D28653 /* Include */ = {
			isa = PBXGroup;
			children = (
				AB889AF21ABB4C5B005BA86D /* CameraComponent.hpp */,
				AB889AF31ABB4C5B005BA86D /* GameObject.hpp */,
				AB889AF41ABB4C5B005BA86D /* Math.hpp */,
				AB889AF51ABB4C5B005BA86D /* Scene.hpp */,
				AB889AF61ABB4C5B005BA86D /* SpriteRendererComponent.hpp */,
				AB889AF71ABB4C5B005BA86D /* Texture2D.hpp */,
				AB889AF81ABB4C5B005BA86D /* Vec3.hpp */,
				AB3FD4941AB4330C00D28653 /* System.hpp */,
				AB3FD4951AB4330C00D28653 /* Window.hpp */,
			);
			name = Include;
			sourceTree = "<group>";
		};
		AB889B001ABB4C61005BA86D /* ThirdParty */ = {
			isa = PBXGroup;
			children = (
				AB889B011ABB4C70005BA86D /* stb_image.c */,
			);
			name = ThirdParty;
			sourceTree = "<group>";
		};
		AB889B041ABB4FD0005BA86D /* Components */ = {
			isa = PBXGroup;
			children = (
				AB889B051ABB4FDE005BA86D /* CameraComponent.cpp */,
				AB889B061ABB4FDE005BA86D /* GameObject.cpp */,
				AB889B071ABB4FDE005BA86D /* SpriteRendererComponent.cpp */,
			);
			name = Components;
			sourceTree = "<group>";
		};
/* End PBXGroup section */

/* Begin PBXHeadersBuildPhase section */
		AB3FD4731AB432A500D28653 /* Headers */ = {
			isa = PBXHeadersBuildPhase;
			buildActionMask = 2147483647;
			files = (
				AB3FD4971AB4330C00D28653 /* Window.hpp in Headers */,
				AB889AF91ABB4C5B005BA86D /* CameraComponent.hpp in Headers */,
				AB889AFD1ABB4C5B005BA86D /* SpriteRendererComponent.hpp in Headers */,
				AB3FD4961AB4330C00D28653 /* System.hpp in Headers */,
				AB889AFE1ABB4C5B005BA86D /* Texture2D.hpp in Headers */,
				AB889AEB1ABB4C3B005BA86D /* GfxDevice.hpp in Headers */,
				AB889AFB1ABB4C5B005BA86D /* Math.hpp in Headers */,
				AB889AFA1ABB4C5B005BA86D /* GameObject.hpp in Headers */,
				AB889AFC1ABB4C5B005BA86D /* Scene.hpp in Headers */,
				AB889AFF1ABB4C5B005BA86D /* Vec3.hpp in Headers */,
			);
			runOnlyForDeploymentPostprocessing = 0;
		};
/* End PBXHeadersBuildPhase section */

/* Begin PBXNativeTarget section */
		AB3FD4741AB432A500D28653 /* Aether3D_OSX */ = {
			isa = PBXNativeTarget;
			buildConfigurationList = AB3FD4891AB432A500D28653 /* Build configuration list for PBXNativeTarget "Aether3D_OSX" */;
			buildPhases = (
				AB3FD4711AB432A500D28653 /* Sources */,
				AB3FD4721AB432A500D28653 /* Frameworks */,
				AB3FD4731AB432A500D28653 /* Headers */,
			);
			buildRules = (
			);
			dependencies = (
			);
			name = Aether3D_OSX;
			productName = Aether3D_OSX;
			productReference = AB3FD4751AB432A500D28653 /* libaether3d_osx.a */;
			productType = "com.apple.product-type.library.static";
		};
/* End PBXNativeTarget section */

/* Begin PBXProject section */
		AB3FD46D1AB432A500D28653 /* Project object */ = {
			isa = PBXProject;
			attributes = {
				LastUpgradeCheck = 0610;
				ORGANIZATIONNAME = "Timo Wiren";
				TargetAttributes = {
					AB3FD4741AB432A500D28653 = {
						CreatedOnToolsVersion = 6.1.1;
					};
				};
			};
			buildConfigurationList = AB3FD4701AB432A500D28653 /* Build configuration list for PBXProject "Aether3D_OSX" */;
			compatibilityVersion = "Xcode 3.2";
			developmentRegion = English;
			hasScannedForEncodings = 0;
			knownRegions = (
				en,
			);
			mainGroup = AB3FD46C1AB432A500D28653;
			productRefGroup = AB3FD4761AB432A500D28653 /* Products */;
			projectDirPath = "";
			projectRoot = "";
			targets = (
				AB3FD4741AB432A500D28653 /* Aether3D_OSX */,
			);
		};
/* End PBXProject section */

/* Begin PBXSourcesBuildPhase section */
		AB3FD4711AB432A500D28653 /* Sources */ = {
			isa = PBXSourcesBuildPhase;
			buildActionMask = 2147483647;
			files = (
				AB889B081ABB4FDE005BA86D /* CameraComponent.cpp in Sources */,
				AB889B0A1ABB4FDE005BA86D /* SpriteRendererComponent.cpp in Sources */,
				AB889AF11ABB4C49005BA86D /* Scene.cpp in Sources */,
				AB3A77DA1AB448500081864C /* System.cpp in Sources */,
				AB889AED1ABB4C3B005BA86D /* Texture2D_GL45.cpp in Sources */,
				AB3A77D81AB4483F0081864C /* WindowOSX_GL.mm in Sources */,
				AB889AEC1ABB4C3B005BA86D /* GfxDeviceGL41.cpp in Sources */,
				AB889B021ABB4C70005BA86D /* stb_image.c in Sources */,
				AB889AF01ABB4C49005BA86D /* Math.cpp in Sources */,
				AB889B091ABB4FDE005BA86D /* GameObject.cpp in Sources */,
			);
			runOnlyForDeploymentPostprocessing = 0;
		};
/* End PBXSourcesBuildPhase section */

/* Begin XCBuildConfiguration section */
		AB3FD4871AB432A500D28653 /* Debug */ = {
			isa = XCBuildConfiguration;
			buildSettings = {
				ALWAYS_SEARCH_USER_PATHS = NO;
				CLANG_CXX_LANGUAGE_STANDARD = "gnu++0x";
				CLANG_CXX_LIBRARY = "libc++";
				CLANG_ENABLE_MODULES = YES;
				CLANG_ENABLE_OBJC_ARC = YES;
				CLANG_WARN_ASSIGN_ENUM = YES;
				CLANG_WARN_BOOL_CONVERSION = YES;
				CLANG_WARN_CONSTANT_CONVERSION = YES;
				CLANG_WARN_DIRECT_OBJC_ISA_USAGE = YES_ERROR;
				CLANG_WARN_EMPTY_BODY = YES;
				CLANG_WARN_ENUM_CONVERSION = YES;
				CLANG_WARN_INT_CONVERSION = YES;
				CLANG_WARN_OBJC_ROOT_CLASS = YES_ERROR;
				CLANG_WARN_UNREACHABLE_CODE = YES;
				CLANG_WARN__DUPLICATE_METHOD_MATCH = YES;
				COPY_PHASE_STRIP = NO;
				ENABLE_STRICT_OBJC_MSGSEND = YES;
				GCC_C_LANGUAGE_STANDARD = gnu99;
				GCC_DYNAMIC_NO_PIC = NO;
				GCC_OPTIMIZATION_LEVEL = 0;
				GCC_PREPROCESSOR_DEFINITIONS = (
					"DEBUG=1",
					"$(inherited)",
				);
				GCC_SYMBOLS_PRIVATE_EXTERN = NO;
				GCC_WARN_64_TO_32_BIT_CONVERSION = YES;
				GCC_WARN_ABOUT_RETURN_TYPE = YES_ERROR;
				GCC_WARN_UNDECLARED_SELECTOR = YES;
				GCC_WARN_UNINITIALIZED_AUTOS = YES_AGGRESSIVE;
				GCC_WARN_UNUSED_FUNCTION = YES;
				GCC_WARN_UNUSED_PARAMETER = YES;
				GCC_WARN_UNUSED_VARIABLE = YES;
				MACOSX_DEPLOYMENT_TARGET = 10.9;
				MTL_ENABLE_DEBUG_INFO = YES;
				ONLY_ACTIVE_ARCH = YES;
				SDKROOT = macosx;
			};
			name = Debug;
		};
		AB3FD4881AB432A500D28653 /* Release */ = {
			isa = XCBuildConfiguration;
			buildSettings = {
				ALWAYS_SEARCH_USER_PATHS = NO;
				CLANG_CXX_LANGUAGE_STANDARD = "gnu++0x";
				CLANG_CXX_LIBRARY = "libc++";
				CLANG_ENABLE_MODULES = YES;
				CLANG_ENABLE_OBJC_ARC = YES;
				CLANG_WARN_ASSIGN_ENUM = YES;
				CLANG_WARN_BOOL_CONVERSION = YES;
				CLANG_WARN_CONSTANT_CONVERSION = YES;
				CLANG_WARN_DIRECT_OBJC_ISA_USAGE = YES_ERROR;
				CLANG_WARN_EMPTY_BODY = YES;
				CLANG_WARN_ENUM_CONVERSION = YES;
				CLANG_WARN_INT_CONVERSION = YES;
				CLANG_WARN_OBJC_ROOT_CLASS = YES_ERROR;
				CLANG_WARN_UNREACHABLE_CODE = YES;
				CLANG_WARN__DUPLICATE_METHOD_MATCH = YES;
				COPY_PHASE_STRIP = YES;
				DEBUG_INFORMATION_FORMAT = "dwarf-with-dsym";
				ENABLE_NS_ASSERTIONS = NO;
				ENABLE_STRICT_OBJC_MSGSEND = YES;
				GCC_C_LANGUAGE_STANDARD = gnu99;
				GCC_WARN_64_TO_32_BIT_CONVERSION = YES;
				GCC_WARN_ABOUT_RETURN_TYPE = YES_ERROR;
				GCC_WARN_UNDECLARED_SELECTOR = YES;
				GCC_WARN_UNINITIALIZED_AUTOS = YES_AGGRESSIVE;
				GCC_WARN_UNUSED_FUNCTION = YES;
				GCC_WARN_UNUSED_PARAMETER = YES;
				GCC_WARN_UNUSED_VARIABLE = YES;
				MACOSX_DEPLOYMENT_TARGET = 10.9;
				MTL_ENABLE_DEBUG_INFO = NO;
				SDKROOT = macosx;
			};
			name = Release;
		};
		AB3FD48A1AB432A500D28653 /* Debug */ = {
			isa = XCBuildConfiguration;
			buildSettings = {
				CLANG_WARN_DOCUMENTATION_COMMENTS = YES;
				EXECUTABLE_PREFIX = "";
				GCC_WARN_PEDANTIC = YES;
				GCC_WARN_SHADOW = YES;
				HEADER_SEARCH_PATHS = (
					"$(inherited)",
					/Applications/Xcode.app/Contents/Developer/Toolchains/XcodeDefault.xctoolchain/usr/include,
					Include,
					../ThirdParty,
				);
				PRODUCT_MODULE_NAME = aether3d_osx;
				PRODUCT_NAME = libaether3d_osx;
			};
			name = Debug;
		};
		AB3FD48B1AB432A500D28653 /* Release */ = {
			isa = XCBuildConfiguration;
			buildSettings = {
				CLANG_WARN_DOCUMENTATION_COMMENTS = YES;
				EXECUTABLE_PREFIX = "";
				GCC_WARN_PEDANTIC = YES;
				GCC_WARN_SHADOW = YES;
				HEADER_SEARCH_PATHS = (
					"$(inherited)",
					/Applications/Xcode.app/Contents/Developer/Toolchains/XcodeDefault.xctoolchain/usr/include,
					Include,
					../ThirdParty,
				);
				PRODUCT_MODULE_NAME = aether3d_osx;
				PRODUCT_NAME = libaether3d_osx;
			};
			name = Release;
		};
/* End XCBuildConfiguration section */

/* Begin XCConfigurationList section */
		AB3FD4701AB432A500D28653 /* Build configuration list for PBXProject "Aether3D_OSX" */ = {
			isa = XCConfigurationList;
			buildConfigurations = (
				AB3FD4871AB432A500D28653 /* Debug */,
				AB3FD4881AB432A500D28653 /* Release */,
			);
			defaultConfigurationIsVisible = 0;
			defaultConfigurationName = Release;
		};
		AB3FD4891AB432A500D28653 /* Build configuration list for PBXNativeTarget "Aether3D_OSX" */ = {
			isa = XCConfigurationList;
			buildConfigurations = (
				AB3FD48A1AB432A500D28653 /* Debug */,
				AB3FD48B1AB432A500D28653 /* Release */,
			);
			defaultConfigurationIsVisible = 0;
			defaultConfigurationName = Release;
		};
/* End XCConfigurationList section */
	};
	rootObject = AB3FD46D1AB432A500D28653 /* Project object */;
}
