
Microsoft Visual Studio Solution File, Format Version 12.00
# Visual Studio 14
VisualStudioVersion = 14.0.24720.0
MinimumVisualStudioVersion = 10.0.40219.1
Project("{8BC9CEB8-8B4A-11D0-8D11-00A0C91BC942}") = "OpenWindow", "OpenWindow.vcxproj", "{E281525E-3C63-4BA2-A431-71B475AADBB4}"
EndProject
Global
	GlobalSection(SolutionConfigurationPlatforms) = preSolution
		Debug D3D12|x64 = Debug D3D12|x64
		Debug OpenGL|x64 = Debug OpenGL|x64
		Debug Vulkan|x64 = Debug Vulkan|x64
		Release D3D12|x64 = Release D3D12|x64
		Release OpenGL|x64 = Release OpenGL|x64
		Release Vulkan|x64 = Release Vulkan|x64
	EndGlobalSection
	GlobalSection(ProjectConfigurationPlatforms) = postSolution
		{E281525E-3C63-4BA2-A431-71B475AADBB4}.Debug D3D12|x64.ActiveCfg = Debug D3D12|x64
		{E281525E-3C63-4BA2-A431-71B475AADBB4}.Debug D3D12|x64.Build.0 = Debug D3D12|x64
		{E281525E-3C63-4BA2-A431-71B475AADBB4}.Debug OpenGL|x64.ActiveCfg = Debug|x64
		{E281525E-3C63-4BA2-A431-71B475AADBB4}.Debug OpenGL|x64.Build.0 = Debug|x64
		{E281525E-3C63-4BA2-A431-71B475AADBB4}.Debug Vulkan|x64.ActiveCfg = Debug Vulkan|x64
		{E281525E-3C63-4BA2-A431-71B475AADBB4}.Debug Vulkan|x64.Build.0 = Debug Vulkan|x64
		{E281525E-3C63-4BA2-A431-71B475AADBB4}.Release D3D12|x64.ActiveCfg = Release D3D12|x64
		{E281525E-3C63-4BA2-A431-71B475AADBB4}.Release D3D12|x64.Build.0 = Release D3D12|x64
		{E281525E-3C63-4BA2-A431-71B475AADBB4}.Release OpenGL|x64.ActiveCfg = Release|x64
		{E281525E-3C63-4BA2-A431-71B475AADBB4}.Release OpenGL|x64.Build.0 = Release|x64
		{E281525E-3C63-4BA2-A431-71B475AADBB4}.Release Vulkan|x64.ActiveCfg = Release Vulkan|x64
		{E281525E-3C63-4BA2-A431-71B475AADBB4}.Release Vulkan|x64.Build.0 = Release Vulkan|x64
	EndGlobalSection
	GlobalSection(SolutionProperties) = preSolution
		HideSolutionNode = FALSE
	EndGlobalSection
EndGlobal
