// !$*UTF8*$!
{
	archiveVersion = 1;
	classes = {
	};
	objectVersion = 46;
	objects = {

/* Begin PBXBuildFile section */
		AB1A16212020E579005FCEBB /* granite.astc in Resources */ = {isa = PBXBuildFile; fileRef = AB1A16202020E579005FCEBB /* granite.astc */; };
		AB632E4820DEBF3200A35F0E /* glider_textool.astc in Resources */ = {isa = PBXBuildFile; fileRef = AB632E4720DEBF3200A35F0E /* glider_textool.astc */; };
		AB6DECD61EC82B350019358C /* textures in Resources */ = {isa = PBXBuildFile; fileRef = AB6DECD11EC82B350019358C /* textures */; };
		AB6DECD71EC82B350019358C /* default_white.png in Resources */ = {isa = PBXBuildFile; fileRef = AB6DECD21EC82B350019358C /* default_white.png */; };
		AB6DECD81EC82B350019358C /* gradient.png in Resources */ = {isa = PBXBuildFile; fileRef = AB6DECD31EC82B350019358C /* gradient.png */; };
		AB6DECD91EC82B350019358C /* new_sponza.ae3d in Resources */ = {isa = PBXBuildFile; fileRef = AB6DECD41EC82B350019358C /* new_sponza.ae3d */; };
		AB6DECDA1EC82B350019358C /* sponza.scene in Resources */ = {isa = PBXBuildFile; fileRef = AB6DECD51EC82B350019358C /* sponza.scene */; };
		AB9B3F7C1CB57BB40037EDA1 /* DepthNormals.metal in Sources */ = {isa = PBXBuildFile; fileRef = AB9B3F7B1CB57BB40037EDA1 /* DepthNormals.metal */; };
		AB9C9F8623D1F8EE007F9B6B /* sine340.wav in Resources */ = {isa = PBXBuildFile; fileRef = AB9C9F8523D1F8EE007F9B6B /* sine340.wav */; };
		AB9C9F8B23D20213007F9B6B /* AVFoundation.framework in Frameworks */ = {isa = PBXBuildFile; fileRef = AB9C9F8A23D20213007F9B6B /* AVFoundation.framework */; };
		AB9C9F8D23D2021E007F9B6B /* MetalKit.framework in Frameworks */ = {isa = PBXBuildFile; fileRef = AB9C9F8C23D2021E007F9B6B /* MetalKit.framework */; };
		AB9C9F8F23D20240007F9B6B /* Aether3D_iOS.framework in Frameworks */ = {isa = PBXBuildFile; fileRef = AB9C9F8E23D20240007F9B6B /* Aether3D_iOS.framework */; };
		AB9C9F9023D20240007F9B6B /* Aether3D_iOS.framework in Embed Frameworks */ = {isa = PBXBuildFile; fileRef = AB9C9F8E23D20240007F9B6B /* Aether3D_iOS.framework */; settings = {ATTRIBUTES = (CodeSignOnCopy, RemoveHeadersOnCopy, ); }; };
		AB9CA0011D8ECA760049A3AF /* Standard.metal in Sources */ = {isa = PBXBuildFile; fileRef = AB9CA0001D8ECA760049A3AF /* Standard.metal */; };
		ABA29F451C19E1F90098E21D /* main.m in Sources */ = {isa = PBXBuildFile; fileRef = ABA29F441C19E1F90098E21D /* main.m */; };
		ABA29F481C19E1F90098E21D /* AppDelegate.m in Sources */ = {isa = PBXBuildFile; fileRef = ABA29F471C19E1F90098E21D /* AppDelegate.m */; };
		ABA29F4B1C19E1F90098E21D /* GameViewController.mm in Sources */ = {isa = PBXBuildFile; fileRef = ABA29F4A1C19E1F90098E21D /* GameViewController.mm */; };
		ABA29F511C19E1F90098E21D /* Main.storyboard in Resources */ = {isa = PBXBuildFile; fileRef = ABA29F4F1C19E1F90098E21D /* Main.storyboard */; };
		ABA29F531C19E1F90098E21D /* Assets.xcassets in Resources */ = {isa = PBXBuildFile; fileRef = ABA29F521C19E1F90098E21D /* Assets.xcassets */; };
		ABA29F561C19E1F90098E21D /* LaunchScreen.storyboard in Resources */ = {isa = PBXBuildFile; fileRef = ABA29F541C19E1F90098E21D /* LaunchScreen.storyboard */; };
		ABA29F611C19E1F90098E21D /* MetalSampleiOSTests.mm in Sources */ = {isa = PBXBuildFile; fileRef = ABA29F601C19E1F90098E21D /* MetalSampleiOSTests.mm */; };
		ABD3AB2A1C29D79F00E78933 /* Moments.metal in Sources */ = {isa = PBXBuildFile; fileRef = ABD3AB251C29D79F00E78933 /* Moments.metal */; };
		ABD3AB2B1C29D79F00E78933 /* SDF.metal in Sources */ = {isa = PBXBuildFile; fileRef = ABD3AB261C29D79F00E78933 /* SDF.metal */; };
		ABD3AB2C1C29D79F00E78933 /* Skybox.metal in Sources */ = {isa = PBXBuildFile; fileRef = ABD3AB271C29D79F00E78933 /* Skybox.metal */; };
		ABD3AB2D1C29D79F00E78933 /* SpriteShader.metal in Sources */ = {isa = PBXBuildFile; fileRef = ABD3AB281C29D79F00E78933 /* SpriteShader.metal */; };
		ABD3AB2E1C29D79F00E78933 /* Unlit.metal in Sources */ = {isa = PBXBuildFile; fileRef = ABD3AB291C29D79F00E78933 /* Unlit.metal */; };
		ABD3AB331C29D7F700E78933 /* font_txt.fnt in Resources */ = {isa = PBXBuildFile; fileRef = ABD3AB2F1C29D7F700E78933 /* font_txt.fnt */; };
		ABD3AB341C29D7F700E78933 /* font.png in Resources */ = {isa = PBXBuildFile; fileRef = ABD3AB301C29D7F700E78933 /* font.png */; };
		ABD3AB351C29D7F700E78933 /* glider.png in Resources */ = {isa = PBXBuildFile; fileRef = ABD3AB311C29D7F700E78933 /* glider.png */; };
		ABD3AB361C29D7F700E78933 /* textured_cube.ae3d in Resources */ = {isa = PBXBuildFile; fileRef = ABD3AB321C29D7F700E78933 /* textured_cube.ae3d */; };
		ABDB1666220B739700C25C04 /* checker.pvr in Resources */ = {isa = PBXBuildFile; fileRef = ABDB1665220B739700C25C04 /* checker.pvr */; };
		ABFE40681D8D1DE000195AD2 /* LightCuller.metal in Sources */ = {isa = PBXBuildFile; fileRef = ABFE40671D8D1DE000195AD2 /* LightCuller.metal */; };
/* End PBXBuildFile section */

/* Begin PBXContainerItemProxy section */
		ABA29F5D1C19E1F90098E21D /* PBXContainerItemProxy */ = {
			isa = PBXContainerItemProxy;
			containerPortal = ABA29F381C19E1F90098E21D /* Project object */;
			proxyType = 1;
			remoteGlobalIDString = ABA29F3F1C19E1F90098E21D;
			remoteInfo = MetalSampleiOS;
		};
/* End PBXContainerItemProxy section */

/* Begin PBXCopyFilesBuildPhase section */
		AB9C9F9123D20240007F9B6B /* Embed Frameworks */ = {
			isa = PBXCopyFilesBuildPhase;
			buildActionMask = 2147483647;
			dstPath = "";
			dstSubfolderSpec = 10;
			files = (
				AB9C9F9023D20240007F9B6B /* Aether3D_iOS.framework in Embed Frameworks */,
			);
			name = "Embed Frameworks";
			runOnlyForDeploymentPostprocessing = 0;
		};
/* End PBXCopyFilesBuildPhase section */

/* Begin PBXFileReference section */
		AB1A16202020E579005FCEBB /* granite.astc */ = {isa = PBXFileReference; lastKnownFileType = file; name = granite.astc; path = ../../../../aether3d_build/Samples/granite.astc; sourceTree = "<group>"; };
		AB632E4720DEBF3200A35F0E /* glider_textool.astc */ = {isa = PBXFileReference; lastKnownFileType = file; name = glider_textool.astc; path = ../../../../aether3d_build/Samples/glider_textool.astc; sourceTree = "<group>"; };
		AB657726200FD4BA0089CB54 /* MetalCommon.h */ = {isa = PBXFileReference; fileEncoding = 4; lastKnownFileType = sourcecode.c.h; name = MetalCommon.h; path = ../../../Engine/Assets/MetalCommon.h; sourceTree = "<group>"; };
		AB6DECD11EC82B350019358C /* textures */ = {isa = PBXFileReference; lastKnownFileType = folder; name = textures; path = ../../../../aether3d_build/Samples/textures; sourceTree = "<group>"; };
		AB6DECD21EC82B350019358C /* default_white.png */ = {isa = PBXFileReference; lastKnownFileType = image.png; name = default_white.png; path = ../../../../aether3d_build/Samples/default_white.png; sourceTree = "<group>"; };
		AB6DECD31EC82B350019358C /* gradient.png */ = {isa = PBXFileReference; lastKnownFileType = image.png; name = gradient.png; path = ../../../../aether3d_build/Samples/gradient.png; sourceTree = "<group>"; };
		AB6DECD41EC82B350019358C /* new_sponza.ae3d */ = {isa = PBXFileReference; lastKnownFileType = file; name = new_sponza.ae3d; path = ../../../../aether3d_build/Samples/new_sponza.ae3d; sourceTree = "<group>"; };
		AB6DECD51EC82B350019358C /* sponza.scene */ = {isa = PBXFileReference; fileEncoding = 4; lastKnownFileType = text; name = sponza.scene; path = ../../../../aether3d_build/Samples/sponza.scene; sourceTree = "<group>"; };
		AB9B3F7B1CB57BB40037EDA1 /* DepthNormals.metal */ = {isa = PBXFileReference; fileEncoding = 4; lastKnownFileType = sourcecode.metal; name = DepthNormals.metal; path = ../../../Engine/Assets/DepthNormals.metal; sourceTree = "<group>"; };
		AB9C9F8523D1F8EE007F9B6B /* sine340.wav */ = {isa = PBXFileReference; lastKnownFileType = audio.wav; name = sine340.wav; path = ../../../../aether3d_build/Samples/sine340.wav; sourceTree = "<group>"; };
		AB9C9F8A23D20213007F9B6B /* AVFoundation.framework */ = {isa = PBXFileReference; lastKnownFileType = wrapper.framework; name = AVFoundation.framework; path = System/Library/Frameworks/AVFoundation.framework; sourceTree = SDKROOT; };
		AB9C9F8C23D2021E007F9B6B /* MetalKit.framework */ = {isa = PBXFileReference; lastKnownFileType = wrapper.framework; name = MetalKit.framework; path = System/Library/Frameworks/MetalKit.framework; sourceTree = SDKROOT; };
		AB9C9F8E23D20240007F9B6B /* Aether3D_iOS.framework */ = {isa = PBXFileReference; lastKnownFileType = wrapper.framework; name = Aether3D_iOS.framework; path = ../../../../../Desktop/Aether3D_iOS.framework; sourceTree = "<group>"; };
		AB9CA0001D8ECA760049A3AF /* Standard.metal */ = {isa = PBXFileReference; fileEncoding = 4; lastKnownFileType = sourcecode.metal; name = Standard.metal; path = ../../../Engine/Assets/Standard.metal; sourceTree = "<group>"; };
		ABA29F401C19E1F90098E21D /* MetalSampleiOS.app */ = {isa = PBXFileReference; explicitFileType = wrapper.application; includeInIndex = 0; path = MetalSampleiOS.app; sourceTree = BUILT_PRODUCTS_DIR; };
		ABA29F441C19E1F90098E21D /* main.m */ = {isa = PBXFileReference; lastKnownFileType = sourcecode.c.objc; path = main.m; sourceTree = "<group>"; };
		ABA29F461C19E1F90098E21D /* AppDelegate.h */ = {isa = PBXFileReference; lastKnownFileType = sourcecode.c.h; path = AppDelegate.h; sourceTree = "<group>"; };
		ABA29F471C19E1F90098E21D /* AppDelegate.m */ = {isa = PBXFileReference; lastKnownFileType = sourcecode.c.objc; path = AppDelegate.m; sourceTree = "<group>"; };
		ABA29F491C19E1F90098E21D /* GameViewController.h */ = {isa = PBXFileReference; lastKnownFileType = sourcecode.c.h; path = GameViewController.h; sourceTree = "<group>"; };
		ABA29F4A1C19E1F90098E21D /* GameViewController.mm */ = {isa = PBXFileReference; lastKnownFileType = sourcecode.cpp.objcpp; path = GameViewController.mm; sourceTree = "<group>"; };
		ABA29F501C19E1F90098E21D /* Base */ = {isa = PBXFileReference; lastKnownFileType = file.storyboard; name = Base; path = Base.lproj/Main.storyboard; sourceTree = "<group>"; };
		ABA29F521C19E1F90098E21D /* Assets.xcassets */ = {isa = PBXFileReference; lastKnownFileType = folder.assetcatalog; path = Assets.xcassets; sourceTree = "<group>"; };
		ABA29F551C19E1F90098E21D /* Base */ = {isa = PBXFileReference; lastKnownFileType = file.storyboard; name = Base; path = Base.lproj/LaunchScreen.storyboard; sourceTree = "<group>"; };
		ABA29F571C19E1F90098E21D /* Info.plist */ = {isa = PBXFileReference; lastKnownFileType = text.plist.xml; path = Info.plist; sourceTree = "<group>"; };
		ABA29F5C1C19E1F90098E21D /* MetalSampleiOSTests.xctest */ = {isa = PBXFileReference; explicitFileType = wrapper.cfbundle; includeInIndex = 0; path = MetalSampleiOSTests.xctest; sourceTree = BUILT_PRODUCTS_DIR; };
		ABA29F601C19E1F90098E21D /* MetalSampleiOSTests.mm */ = {isa = PBXFileReference; lastKnownFileType = sourcecode.cpp.objcpp; path = MetalSampleiOSTests.mm; sourceTree = "<group>"; };
		ABA29F621C19E1F90098E21D /* Info.plist */ = {isa = PBXFileReference; lastKnownFileType = text.plist.xml; path = Info.plist; sourceTree = "<group>"; };
		ABD3AB251C29D79F00E78933 /* Moments.metal */ = {isa = PBXFileReference; fileEncoding = 4; lastKnownFileType = sourcecode.metal; name = Moments.metal; path = ../../../Engine/Assets/Moments.metal; sourceTree = "<group>"; };
		ABD3AB261C29D79F00E78933 /* SDF.metal */ = {isa = PBXFileReference; fileEncoding = 4; lastKnownFileType = sourcecode.metal; name = SDF.metal; path = ../../../Engine/Assets/SDF.metal; sourceTree = "<group>"; };
		ABD3AB271C29D79F00E78933 /* Skybox.metal */ = {isa = PBXFileReference; fileEncoding = 4; lastKnownFileType = sourcecode.metal; name = Skybox.metal; path = ../../../Engine/Assets/Skybox.metal; sourceTree = "<group>"; };
		ABD3AB281C29D79F00E78933 /* SpriteShader.metal */ = {isa = PBXFileReference; fileEncoding = 4; lastKnownFileType = sourcecode.metal; name = SpriteShader.metal; path = ../../../Engine/Assets/SpriteShader.metal; sourceTree = "<group>"; };
		ABD3AB291C29D79F00E78933 /* Unlit.metal */ = {isa = PBXFileReference; fileEncoding = 4; lastKnownFileType = sourcecode.metal; name = Unlit.metal; path = ../../../Engine/Assets/Unlit.metal; sourceTree = "<group>"; };
		ABD3AB2F1C29D7F700E78933 /* font_txt.fnt */ = {isa = PBXFileReference; fileEncoding = 4; lastKnownFileType = text; name = font_txt.fnt; path = ../../../../aether3d_build/Samples/font_txt.fnt; sourceTree = "<group>"; };
		ABD3AB301C29D7F700E78933 /* font.png */ = {isa = PBXFileReference; lastKnownFileType = image.png; name = font.png; path = ../../../../aether3d_build/Samples/font.png; sourceTree = "<group>"; };
		ABD3AB311C29D7F700E78933 /* glider.png */ = {isa = PBXFileReference; lastKnownFileType = image.png; name = glider.png; path = ../../../../aether3d_build/Samples/glider.png; sourceTree = "<group>"; };
		ABD3AB321C29D7F700E78933 /* textured_cube.ae3d */ = {isa = PBXFileReference; lastKnownFileType = file; name = textured_cube.ae3d; path = ../../../../aether3d_build/Samples/textured_cube.ae3d; sourceTree = "<group>"; };
		ABDB1665220B739700C25C04 /* checker.pvr */ = {isa = PBXFileReference; lastKnownFileType = file; name = checker.pvr; path = ../../../../aether3d_build/Samples/checker.pvr; sourceTree = "<group>"; };
		ABFE40671D8D1DE000195AD2 /* LightCuller.metal */ = {isa = PBXFileReference; fileEncoding = 4; lastKnownFileType = sourcecode.metal; name = LightCuller.metal; path = ../../../Engine/Assets/LightCuller.metal; sourceTree = "<group>"; };
/* End PBXFileReference section */

/* Begin PBXFrameworksBuildPhase section */
		ABA29F3D1C19E1F90098E21D /* Frameworks */ = {
			isa = PBXFrameworksBuildPhase;
			buildActionMask = 2147483647;
			files = (
				AB9C9F8F23D20240007F9B6B /* Aether3D_iOS.framework in Frameworks */,
				AB9C9F8B23D20213007F9B6B /* AVFoundation.framework in Frameworks */,
				AB9C9F8D23D2021E007F9B6B /* MetalKit.framework in Frameworks */,
			);
			runOnlyForDeploymentPostprocessing = 0;
		};
		ABA29F591C19E1F90098E21D /* Frameworks */ = {
			isa = PBXFrameworksBuildPhase;
			buildActionMask = 2147483647;
			files = (
			);
			runOnlyForDeploymentPostprocessing = 0;
		};
/* End PBXFrameworksBuildPhase section */

/* Begin PBXGroup section */
		ABA29F371C19E1F90098E21D = {
			isa = PBXGroup;
			children = (
				ABA29F421C19E1F90098E21D /* MetalSampleiOS */,
				ABA29F5F1C19E1F90098E21D /* MetalSampleiOSTests */,
				ABA29F411C19E1F90098E21D /* Products */,
				ABD3FFDC219713A700625539 /* Frameworks */,
			);
			sourceTree = "<group>";
		};
		ABA29F411C19E1F90098E21D /* Products */ = {
			isa = PBXGroup;
			children = (
				ABA29F401C19E1F90098E21D /* MetalSampleiOS.app */,
				ABA29F5C1C19E1F90098E21D /* MetalSampleiOSTests.xctest */,
			);
			name = Products;
			sourceTree = "<group>";
		};
		ABA29F421C19E1F90098E21D /* MetalSampleiOS */ = {
			isa = PBXGroup;
			children = (
				ABD3AB241C29D78900E78933 /* Shaders */,
				ABA29F461C19E1F90098E21D /* AppDelegate.h */,
				ABA29F471C19E1F90098E21D /* AppDelegate.m */,
				ABA29F491C19E1F90098E21D /* GameViewController.h */,
				ABA29F4A1C19E1F90098E21D /* GameViewController.mm */,
				ABA29F4F1C19E1F90098E21D /* Main.storyboard */,
				ABA29F521C19E1F90098E21D /* Assets.xcassets */,
				ABA29F541C19E1F90098E21D /* LaunchScreen.storyboard */,
				ABA29F571C19E1F90098E21D /* Info.plist */,
				ABA29F431C19E1F90098E21D /* Supporting Files */,
			);
			path = MetalSampleiOS;
			sourceTree = "<group>";
		};
		ABA29F431C19E1F90098E21D /* Supporting Files */ = {
			isa = PBXGroup;
			children = (
				AB9C9F8523D1F8EE007F9B6B /* sine340.wav */,
				ABDB1665220B739700C25C04 /* checker.pvr */,
				AB632E4720DEBF3200A35F0E /* glider_textool.astc */,
				AB1A16202020E579005FCEBB /* granite.astc */,
				AB6DECD11EC82B350019358C /* textures */,
				AB6DECD21EC82B350019358C /* default_white.png */,
				AB6DECD31EC82B350019358C /* gradient.png */,
				AB6DECD41EC82B350019358C /* new_sponza.ae3d */,
				AB6DECD51EC82B350019358C /* sponza.scene */,
				ABD3AB2F1C29D7F700E78933 /* font_txt.fnt */,
				ABD3AB301C29D7F700E78933 /* font.png */,
				ABD3AB311C29D7F700E78933 /* glider.png */,
				ABD3AB321C29D7F700E78933 /* textured_cube.ae3d */,
				ABA29F441C19E1F90098E21D /* main.m */,
			);
			name = "Supporting Files";
			sourceTree = "<group>";
		};
		ABA29F5F1C19E1F90098E21D /* MetalSampleiOSTests */ = {
			isa = PBXGroup;
			children = (
				ABA29F601C19E1F90098E21D /* MetalSampleiOSTests.mm */,
				ABA29F621C19E1F90098E21D /* Info.plist */,
			);
			path = MetalSampleiOSTests;
			sourceTree = "<group>";
		};
		ABD3AB241C29D78900E78933 /* Shaders */ = {
			isa = PBXGroup;
			children = (
				AB9B3F7B1CB57BB40037EDA1 /* DepthNormals.metal */,
				ABFE40671D8D1DE000195AD2 /* LightCuller.metal */,
				AB657726200FD4BA0089CB54 /* MetalCommon.h */,
				ABD3AB251C29D79F00E78933 /* Moments.metal */,
				ABD3AB261C29D79F00E78933 /* SDF.metal */,
				ABD3AB271C29D79F00E78933 /* Skybox.metal */,
				ABD3AB281C29D79F00E78933 /* SpriteShader.metal */,
				AB9CA0001D8ECA760049A3AF /* Standard.metal */,
				ABD3AB291C29D79F00E78933 /* Unlit.metal */,
			);
			name = Shaders;
			sourceTree = "<group>";
		};
		ABD3FFDC219713A700625539 /* Frameworks */ = {
			isa = PBXGroup;
			children = (
				AB9C9F8E23D20240007F9B6B /* Aether3D_iOS.framework */,
				AB9C9F8C23D2021E007F9B6B /* MetalKit.framework */,
				AB9C9F8A23D20213007F9B6B /* AVFoundation.framework */,
			);
			name = Frameworks;
			sourceTree = "<group>";
		};
/* End PBXGroup section */

/* Begin PBXNativeTarget section */
		ABA29F3F1C19E1F90098E21D /* MetalSampleiOS */ = {
			isa = PBXNativeTarget;
			buildConfigurationList = ABA29F651C19E1F90098E21D /* Build configuration list for PBXNativeTarget "MetalSampleiOS" */;
			buildPhases = (
				ABA29F3C1C19E1F90098E21D /* Sources */,
				ABA29F3D1C19E1F90098E21D /* Frameworks */,
				ABA29F3E1C19E1F90098E21D /* Resources */,
				AB9C9F9123D20240007F9B6B /* Embed Frameworks */,
			);
			buildRules = (
			);
			dependencies = (
			);
			name = MetalSampleiOS;
			productName = MetalSampleiOS;
			productReference = ABA29F401C19E1F90098E21D /* MetalSampleiOS.app */;
			productType = "com.apple.product-type.application";
		};
		ABA29F5B1C19E1F90098E21D /* MetalSampleiOSTests */ = {
			isa = PBXNativeTarget;
			buildConfigurationList = ABA29F681C19E1F90098E21D /* Build configuration list for PBXNativeTarget "MetalSampleiOSTests" */;
			buildPhases = (
				ABA29F581C19E1F90098E21D /* Sources */,
				ABA29F591C19E1F90098E21D /* Frameworks */,
				ABA29F5A1C19E1F90098E21D /* Resources */,
			);
			buildRules = (
			);
			dependencies = (
				ABA29F5E1C19E1F90098E21D /* PBXTargetDependency */,
			);
			name = MetalSampleiOSTests;
			productName = MetalSampleiOSTests;
			productReference = ABA29F5C1C19E1F90098E21D /* MetalSampleiOSTests.xctest */;
			productType = "com.apple.product-type.bundle.unit-test";
		};
/* End PBXNativeTarget section */

/* Begin PBXProject section */
		ABA29F381C19E1F90098E21D /* Project object */ = {
			isa = PBXProject;
			attributes = {
				LastUpgradeCheck = 1020;
				ORGANIZATIONNAME = "Timo Wiren";
				TargetAttributes = {
					ABA29F3F1C19E1F90098E21D = {
						CreatedOnToolsVersion = 7.1.1;
						DevelopmentTeam = UKGWYKDBK4;
					};
					ABA29F5B1C19E1F90098E21D = {
						CreatedOnToolsVersion = 7.1.1;
						DevelopmentTeam = UKGWYKDBK4;
						TestTargetID = ABA29F3F1C19E1F90098E21D;
					};
				};
			};
			buildConfigurationList = ABA29F3B1C19E1F90098E21D /* Build configuration list for PBXProject "MetalSampleiOS" */;
			compatibilityVersion = "Xcode 3.2";
			developmentRegion = en;
			hasScannedForEncodings = 0;
			knownRegions = (
				en,
				Base,
			);
			mainGroup = ABA29F371C19E1F90098E21D;
			productRefGroup = ABA29F411C19E1F90098E21D /* Products */;
			projectDirPath = "";
			projectRoot = "";
			targets = (
				ABA29F3F1C19E1F90098E21D /* MetalSampleiOS */,
				ABA29F5B1C19E1F90098E21D /* MetalSampleiOSTests */,
			);
		};
/* End PBXProject section */

/* Begin PBXResourcesBuildPhase section */
		ABA29F3E1C19E1F90098E21D /* Resources */ = {
			isa = PBXResourcesBuildPhase;
			buildActionMask = 2147483647;
			files = (
				ABD3AB331C29D7F700E78933 /* font_txt.fnt in Resources */,
				AB632E4820DEBF3200A35F0E /* glider_textool.astc in Resources */,
				ABD3AB341C29D7F700E78933 /* font.png in Resources */,
				ABA29F561C19E1F90098E21D /* LaunchScreen.storyboard in Resources */,
				AB6DECD81EC82B350019358C /* gradient.png in Resources */,
				ABA29F531C19E1F90098E21D /* Assets.xcassets in Resources */,
				AB6DECD71EC82B350019358C /* default_white.png in Resources */,
				AB6DECD61EC82B350019358C /* textures in Resources */,
				ABD3AB351C29D7F700E78933 /* glider.png in Resources */,
				ABDB1666220B739700C25C04 /* checker.pvr in Resources */,
				ABD3AB361C29D7F700E78933 /* textured_cube.ae3d in Resources */,
				AB6DECD91EC82B350019358C /* new_sponza.ae3d in Resources */,
				ABA29F511C19E1F90098E21D /* Main.storyboard in Resources */,
				AB9C9F8623D1F8EE007F9B6B /* sine340.wav in Resources */,
				AB1A16212020E579005FCEBB /* granite.astc in Resources */,
				AB6DECDA1EC82B350019358C /* sponza.scene in Resources */,
			);
			runOnlyForDeploymentPostprocessing = 0;
		};
		ABA29F5A1C19E1F90098E21D /* Resources */ = {
			isa = PBXResourcesBuildPhase;
			buildActionMask = 2147483647;
			files = (
			);
			runOnlyForDeploymentPostprocessing = 0;
		};
/* End PBXResourcesBuildPhase section */

/* Begin PBXSourcesBuildPhase section */
		ABA29F3C1C19E1F90098E21D /* Sources */ = {
			isa = PBXSourcesBuildPhase;
			buildActionMask = 2147483647;
			files = (
				ABD3AB2E1C29D79F00E78933 /* Unlit.metal in Sources */,
				ABA29F481C19E1F90098E21D /* AppDelegate.m in Sources */,
				ABD3AB2A1C29D79F00E78933 /* Moments.metal in Sources */,
				AB9CA0011D8ECA760049A3AF /* Standard.metal in Sources */,
				ABA29F4B1C19E1F90098E21D /* GameViewController.mm in Sources */,
				ABD3AB2D1C29D79F00E78933 /* SpriteShader.metal in Sources */,
				ABA29F451C19E1F90098E21D /* main.m in Sources */,
				AB9B3F7C1CB57BB40037EDA1 /* DepthNormals.metal in Sources */,
				ABD3AB2B1C29D79F00E78933 /* SDF.metal in Sources */,
				ABD3AB2C1C29D79F00E78933 /* Skybox.metal in Sources */,
				ABFE40681D8D1DE000195AD2 /* LightCuller.metal in Sources */,
			);
			runOnlyForDeploymentPostprocessing = 0;
		};
		ABA29F581C19E1F90098E21D /* Sources */ = {
			isa = PBXSourcesBuildPhase;
			buildActionMask = 2147483647;
			files = (
				ABA29F611C19E1F90098E21D /* MetalSampleiOSTests.mm in Sources */,
			);
			runOnlyForDeploymentPostprocessing = 0;
		};
/* End PBXSourcesBuildPhase section */

/* Begin PBXTargetDependency section */
		ABA29F5E1C19E1F90098E21D /* PBXTargetDependency */ = {
			isa = PBXTargetDependency;
			target = ABA29F3F1C19E1F90098E21D /* MetalSampleiOS */;
			targetProxy = ABA29F5D1C19E1F90098E21D /* PBXContainerItemProxy */;
		};
/* End PBXTargetDependency section */

/* Begin PBXVariantGroup section */
		ABA29F4F1C19E1F90098E21D /* Main.storyboard */ = {
			isa = PBXVariantGroup;
			children = (
				ABA29F501C19E1F90098E21D /* Base */,
			);
			name = Main.storyboard;
			sourceTree = "<group>";
		};
		ABA29F541C19E1F90098E21D /* LaunchScreen.storyboard */ = {
			isa = PBXVariantGroup;
			children = (
				ABA29F551C19E1F90098E21D /* Base */,
			);
			name = LaunchScreen.storyboard;
			sourceTree = "<group>";
		};
/* End PBXVariantGroup section */

/* Begin XCBuildConfiguration section */
		ABA29F631C19E1F90098E21D /* Debug */ = {
			isa = XCBuildConfiguration;
			buildSettings = {
				ALWAYS_SEARCH_USER_PATHS = NO;
				CLANG_ANALYZER_LOCALIZABILITY_NONLOCALIZED = YES;
				CLANG_CXX_LANGUAGE_STANDARD = "gnu++0x";
				CLANG_CXX_LIBRARY = "libc++";
				CLANG_ENABLE_MODULES = YES;
				CLANG_ENABLE_OBJC_ARC = YES;
				CLANG_WARN_BLOCK_CAPTURE_AUTORELEASING = YES;
				CLANG_WARN_BOOL_CONVERSION = YES;
				CLANG_WARN_COMMA = YES;
				CLANG_WARN_CONSTANT_CONVERSION = YES;
				CLANG_WARN_DEPRECATED_OBJC_IMPLEMENTATIONS = YES;
				CLANG_WARN_DIRECT_OBJC_ISA_USAGE = YES_ERROR;
				CLANG_WARN_EMPTY_BODY = YES;
				CLANG_WARN_ENUM_CONVERSION = YES;
				CLANG_WARN_INFINITE_RECURSION = YES;
				CLANG_WARN_INT_CONVERSION = YES;
				CLANG_WARN_NON_LITERAL_NULL_CONVERSION = YES;
				CLANG_WARN_OBJC_IMPLICIT_RETAIN_SELF = YES;
				CLANG_WARN_OBJC_LITERAL_CONVERSION = YES;
				CLANG_WARN_OBJC_ROOT_CLASS = YES_ERROR;
				CLANG_WARN_RANGE_LOOP_ANALYSIS = YES;
				CLANG_WARN_STRICT_PROTOTYPES = YES;
				CLANG_WARN_SUSPICIOUS_MOVE = YES;
				CLANG_WARN_UNREACHABLE_CODE = YES;
				CLANG_WARN__DUPLICATE_METHOD_MATCH = YES;
				"CODE_SIGN_IDENTITY[sdk=iphoneos*]" = "iPhone Developer";
				COPY_PHASE_STRIP = NO;
				DEBUG_INFORMATION_FORMAT = "dwarf-with-dsym";
				ENABLE_STRICT_OBJC_MSGSEND = YES;
				ENABLE_TESTABILITY = YES;
				FRAMEWORK_SEARCH_PATHS = "~/Desktop";
				GCC_C_LANGUAGE_STANDARD = gnu99;
				GCC_DYNAMIC_NO_PIC = NO;
				GCC_NO_COMMON_BLOCKS = YES;
				GCC_OPTIMIZATION_LEVEL = 0;
				GCC_PREPROCESSOR_DEFINITIONS = (
					"DEBUG=1",
					"$(inherited)",
				);
				GCC_WARN_64_TO_32_BIT_CONVERSION = YES;
				GCC_WARN_ABOUT_RETURN_TYPE = YES_ERROR;
				GCC_WARN_UNDECLARED_SELECTOR = YES;
				GCC_WARN_UNINITIALIZED_AUTOS = YES_AGGRESSIVE;
				GCC_WARN_UNUSED_FUNCTION = YES;
				GCC_WARN_UNUSED_VARIABLE = YES;
				IPHONEOS_DEPLOYMENT_TARGET = 13.2;
				MTL_ENABLE_DEBUG_INFO = YES;
				MTL_FAST_MATH = NO;
				MTL_OPTIMIZATION_LEVEL = 0;
				ONLY_ACTIVE_ARCH = YES;
				SDKROOT = iphoneos;
				TARGETED_DEVICE_FAMILY = "1,2";
			};
			name = Debug;
		};
		ABA29F641C19E1F90098E21D /* Release */ = {
			isa = XCBuildConfiguration;
			buildSettings = {
				ALWAYS_SEARCH_USER_PATHS = NO;
				CLANG_ANALYZER_LOCALIZABILITY_NONLOCALIZED = YES;
				CLANG_CXX_LANGUAGE_STANDARD = "gnu++0x";
				CLANG_CXX_LIBRARY = "libc++";
				CLANG_ENABLE_MODULES = YES;
				CLANG_ENABLE_OBJC_ARC = YES;
				CLANG_WARN_BLOCK_CAPTURE_AUTORELEASING = YES;
				CLANG_WARN_BOOL_CONVERSION = YES;
				CLANG_WARN_COMMA = YES;
				CLANG_WARN_CONSTANT_CONVERSION = YES;
				CLANG_WARN_DEPRECATED_OBJC_IMPLEMENTATIONS = YES;
				CLANG_WARN_DIRECT_OBJC_ISA_USAGE = YES_ERROR;
				CLANG_WARN_EMPTY_BODY = YES;
				CLANG_WARN_ENUM_CONVERSION = YES;
				CLANG_WARN_INFINITE_RECURSION = YES;
				CLANG_WARN_INT_CONVERSION = YES;
				CLANG_WARN_NON_LITERAL_NULL_CONVERSION = YES;
				CLANG_WARN_OBJC_IMPLICIT_RETAIN_SELF = YES;
				CLANG_WARN_OBJC_LITERAL_CONVERSION = YES;
				CLANG_WARN_OBJC_ROOT_CLASS = YES_ERROR;
				CLANG_WARN_RANGE_LOOP_ANALYSIS = YES;
				CLANG_WARN_STRICT_PROTOTYPES = YES;
				CLANG_WARN_SUSPICIOUS_MOVE = YES;
				CLANG_WARN_UNREACHABLE_CODE = YES;
				CLANG_WARN__DUPLICATE_METHOD_MATCH = YES;
				"CODE_SIGN_IDENTITY[sdk=iphoneos*]" = "iPhone Developer";
				COPY_PHASE_STRIP = NO;
				DEBUG_INFORMATION_FORMAT = "dwarf-with-dsym";
				ENABLE_NS_ASSERTIONS = NO;
				ENABLE_STRICT_OBJC_MSGSEND = YES;
				FRAMEWORK_SEARCH_PATHS = "~/Desktop";
				GCC_C_LANGUAGE_STANDARD = gnu99;
				GCC_NO_COMMON_BLOCKS = YES;
				GCC_WARN_64_TO_32_BIT_CONVERSION = YES;
				GCC_WARN_ABOUT_RETURN_TYPE = YES_ERROR;
				GCC_WARN_UNDECLARED_SELECTOR = YES;
				GCC_WARN_UNINITIALIZED_AUTOS = YES_AGGRESSIVE;
				GCC_WARN_UNUSED_FUNCTION = YES;
				GCC_WARN_UNUSED_VARIABLE = YES;
				IPHONEOS_DEPLOYMENT_TARGET = 13.2;
				MTL_ENABLE_DEBUG_INFO = YES;
				MTL_FAST_MATH = NO;
				MTL_OPTIMIZATION_LEVEL = 0;
				SDKROOT = iphoneos;
				TARGETED_DEVICE_FAMILY = "1,2";
				VALIDATE_PRODUCT = YES;
			};
			name = Release;
		};
		ABA29F661C19E1F90098E21D /* Debug */ = {
			isa = XCBuildConfiguration;
			buildSettings = {
				ASSETCATALOG_COMPILER_APPICON_NAME = AppIcon;
				FRAMEWORK_SEARCH_PATHS = /Users/glaze/Desktop;
				GCC_PREPROCESSOR_DEFINITIONS = (
					"DEBUG=1",
					RENDERER_METAL,
				);
				INFOPLIST_FILE = MetalSampleiOS/Info.plist;
				IPHONEOS_DEPLOYMENT_TARGET = 13.2;
				LD_RUNPATH_SEARCH_PATHS = "$(inherited) @executable_path/Frameworks ~/Desktop";
				MTL_FAST_MATH = YES;
				MTL_OPTIMIZATION_LEVEL = 3;
				PRODUCT_BUNDLE_IDENTIFIER = timowiren.MetalSampleiOS2;
				PRODUCT_NAME = "$(TARGET_NAME)";
			};
			name = Debug;
		};
		ABA29F671C19E1F90098E21D /* Release */ = {
			isa = XCBuildConfiguration;
			buildSettings = {
				ASSETCATALOG_COMPILER_APPICON_NAME = AppIcon;
				FRAMEWORK_SEARCH_PATHS = /Users/glaze/Desktop;
				GCC_PREPROCESSOR_DEFINITIONS = RENDERER_METAL;
				INFOPLIST_FILE = MetalSampleiOS/Info.plist;
				IPHONEOS_DEPLOYMENT_TARGET = 13.2;
				LD_RUNPATH_SEARCH_PATHS = "$(inherited) @executable_path/Frameworks ~/Desktop";
				MTL_FAST_MATH = YES;
				MTL_OPTIMIZATION_LEVEL = 3;
				PRODUCT_BUNDLE_IDENTIFIER = timowiren.MetalSampleiOS2;
				PRODUCT_NAME = "$(TARGET_NAME)";
			};
			name = Release;
		};
		ABA29F691C19E1F90098E21D /* Debug */ = {
			isa = XCBuildConfiguration;
			buildSettings = {
				BUNDLE_LOADER = "$(TEST_HOST)";
				DEBUG_INFORMATION_FORMAT = dwarf;
				INFOPLIST_FILE = MetalSampleiOSTests/Info.plist;
				LD_RUNPATH_SEARCH_PATHS = "$(inherited) @executable_path/Frameworks @loader_path/Frameworks";
				PRODUCT_BUNDLE_IDENTIFIER = timowiren.MetalSampleiOSTests;
				PRODUCT_NAME = "$(TARGET_NAME)";
				TEST_HOST = "$(BUILT_PRODUCTS_DIR)/MetalSampleiOS.app/MetalSampleiOS";
			};
			name = Debug;
		};
		ABA29F6A1C19E1F90098E21D /* Release */ = {
			isa = XCBuildConfiguration;
			buildSettings = {
				BUNDLE_LOADER = "$(TEST_HOST)";
				INFOPLIST_FILE = MetalSampleiOSTests/Info.plist;
				LD_RUNPATH_SEARCH_PATHS = "$(inherited) @executable_path/Frameworks @loader_path/Frameworks";
				PRODUCT_BUNDLE_IDENTIFIER = timowiren.MetalSampleiOSTests;
				PRODUCT_NAME = "$(TARGET_NAME)";
				TEST_HOST = "$(BUILT_PRODUCTS_DIR)/MetalSampleiOS.app/MetalSampleiOS";
			};
			name = Release;
		};
/* End XCBuildConfiguration section */

/* Begin XCConfigurationList section */
		ABA29F3B1C19E1F90098E21D /* Build configuration list for PBXProject "MetalSampleiOS" */ = {
			isa = XCConfigurationList;
			buildConfigurations = (
				ABA29F631C19E1F90098E21D /* Debug */,
				ABA29F641C19E1F90098E21D /* Release */,
			);
			defaultConfigurationIsVisible = 0;
			defaultConfigurationName = Release;
		};
		ABA29F651C19E1F90098E21D /* Build configuration list for PBXNativeTarget "MetalSampleiOS" */ = {
			isa = XCConfigurationList;
			buildConfigurations = (
				ABA29F661C19E1F90098E21D /* Debug */,
				ABA29F671C19E1F90098E21D /* Release */,
			);
			defaultConfigurationIsVisible = 0;
			defaultConfigurationName = Release;
		};
		ABA29F681C19E1F90098E21D /* Build configuration list for PBXNativeTarget "MetalSampleiOSTests" */ = {
			isa = XCConfigurationList;
			buildConfigurations = (
				ABA29F691C19E1F90098E21D /* Debug */,
				ABA29F6A1C19E1F90098E21D /* Release */,
			);
			defaultConfigurationIsVisible = 0;
			defaultConfigurationName = Release;
		};
/* End XCConfigurationList section */
	};
	rootObject = ABA29F381C19E1F90098E21D /* Project object */;
}
