
Microsoft Visual Studio Solution File, Format Version 12.00
# Visual Studio 14
VisualStudioVersion = 14.0.25123.0
MinimumVisualStudioVersion = 10.0.40219.1
Project("{8BC9CEB8-8B4A-11D0-8D11-00A0C91BC942}") = "Misc3D", "Misc3D.vcxproj", "{35F2C02B-FFF4-4D85-B36B-F0E1D3E060C5}"
EndProject
Global
	GlobalSection(SolutionConfigurationPlatforms) = preSolution
		Debug D3D12|x64 = Debug D3D12|x64
		Debug OpenGL|x64 = Debug OpenGL|x64
		Debug Vulkan|x64 = Debug Vulkan|x64
		Oculus Release|x64 = Oculus Release|x64
		Release D3D12|x64 = Release D3D12|x64
		Release OpenGL|x64 = Release OpenGL|x64
		Release Vulkan|x64 = Release Vulkan|x64
	EndGlobalSection
	GlobalSection(ProjectConfigurationPlatforms) = postSolution
		{35F2C02B-FFF4-4D85-B36B-F0E1D3E060C5}.Debug D3D12|x64.ActiveCfg = D3D12 Debug|x64
		{35F2C02B-FFF4-4D85-B36B-F0E1D3E060C5}.Debug D3D12|x64.Build.0 = D3D12 Debug|x64
		{35F2C02B-FFF4-4D85-B36B-F0E1D3E060C5}.Debug OpenGL|x64.ActiveCfg = Debug|x64
		{35F2C02B-FFF4-4D85-B36B-F0E1D3E060C5}.Debug OpenGL|x64.Build.0 = Debug|x64
		{35F2C02B-FFF4-4D85-B36B-F0E1D3E060C5}.Debug Vulkan|x64.ActiveCfg = Debug Vulkan|x64
		{35F2C02B-FFF4-4D85-B36B-F0E1D3E060C5}.Debug Vulkan|x64.Build.0 = Debug Vulkan|x64
		{35F2C02B-FFF4-4D85-B36B-F0E1D3E060C5}.Oculus Release|x64.ActiveCfg = Oculus Release|x64
		{35F2C02B-FFF4-4D85-B36B-F0E1D3E060C5}.Oculus Release|x64.Build.0 = Oculus Release|x64
		{35F2C02B-FFF4-4D85-B36B-F0E1D3E060C5}.Release D3D12|x64.ActiveCfg = D3D12 Release|x64
		{35F2C02B-FFF4-4D85-B36B-F0E1D3E060C5}.Release D3D12|x64.Build.0 = D3D12 Release|x64
		{35F2C02B-FFF4-4D85-B36B-F0E1D3E060C5}.Release OpenGL|x64.ActiveCfg = Release|x64
		{35F2C02B-FFF4-4D85-B36B-F0E1D3E060C5}.Release OpenGL|x64.Build.0 = Release|x64
		{35F2C02B-FFF4-4D85-B36B-F0E1D3E060C5}.Release Vulkan|x64.ActiveCfg = Release Vulkan|x64
		{35F2C02B-FFF4-4D85-B36B-F0E1D3E060C5}.Release Vulkan|x64.Build.0 = Release Vulkan|x64
	EndGlobalSection
	GlobalSection(SolutionProperties) = preSolution
		HideSolutionNode = FALSE
	EndGlobalSection
EndGlobal
