<?xml version="1.0" encoding="utf-8"?>
<Project ToolsVersion="4.0" xmlns="http://schemas.microsoft.com/developer/msbuild/2003">
  <ItemGroup>
    <ClCompile Include="..\Components\CameraComponent.cpp">
      <Filter>Components</Filter>
    </ClCompile>
    <ClCompile Include="..\Core\Scene.cpp">
      <Filter>Core</Filter>
    </ClCompile>
    <ClCompile Include="..\Video\WindowWin32.cpp">
      <Filter>Video</Filter>
    </ClCompile>
    <ClCompile Include="..\Video\GfxDeviceGL45.cpp">
      <Filter>Video</Filter>
    </ClCompile>
    <ClCompile Include="..\Components\SpriteRendererComponent.cpp">
      <Filter>Components</Filter>
    </ClCompile>
    <ClCompile Include="..\Video\Texture2D_GL45.cpp">
      <Filter>Video</Filter>
    </ClCompile>
    <ClCompile Include="..\ThirdParty\stb_image.c">
      <Filter>ThirdParty</Filter>
    </ClCompile>
    <ClCompile Include="..\Core\Matrix.cpp">
      <Filter>Core</Filter>
    </ClCompile>
    <ClCompile Include="..\Core\System.cpp">
      <Filter>Core</Filter>
    </ClCompile>
    <ClCompile Include="..\Components\GameObject.cpp">
      <Filter>Components</Filter>
    </ClCompile>
    <ClCompile Include="..\Video\ShaderGL.cpp">
      <Filter>Video</Filter>
    </ClCompile>
    <ClCompile Include="..\ThirdParty\GL\glxw.c">
      <Filter>ThirdParty\GL</Filter>
    </ClCompile>
    <ClCompile Include="..\Video\VertexBufferGL.cpp">
      <Filter>Video</Filter>
    </ClCompile>
    <ClCompile Include="..\Video\RendererGL.cpp">
      <Filter>Video</Filter>
    </ClCompile>
    <ClCompile Include="..\Core\FileWatcher.cpp">
      <Filter>Core</Filter>
    </ClCompile>
    <ClCompile Include="..\Video\DDSLoader.cpp">
      <Filter>Video</Filter>
    </ClCompile>
    <ClCompile Include="..\Components\TransformComponent.cpp">
      <Filter>Components</Filter>
    </ClCompile>
    <ClCompile Include="..\Core\MatrixSSE3.cpp">
      <Filter>Core</Filter>
    </ClCompile>
    <ClCompile Include="..\ThirdParty\stb_vorbis.c">
      <Filter>ThirdParty</Filter>
    </ClCompile>
    <ClCompile Include="..\Core\AudioClip.cpp">
      <Filter>Core</Filter>
    </ClCompile>
    <ClCompile Include="..\Core\AudioSystemOpenAL.cpp">
      <Filter>Core</Filter>
    </ClCompile>
    <ClCompile Include="..\Core\Font.cpp">
      <Filter>Core</Filter>
    </ClCompile>
    <ClCompile Include="..\Components\AudioSourceComponent.cpp">
      <Filter>Components</Filter>
    </ClCompile>
    <ClCompile Include="..\Components\TextRendererComponent.cpp">
      <Filter>Components</Filter>
    </ClCompile>
    <ClCompile Include="..\Video\WindowWin32GL.cpp">
      <Filter>Video</Filter>
    </ClCompile>
    <ClCompile Include="..\Core\FileSystem.cpp">
      <Filter>Core</Filter>
    </ClCompile>
    <ClCompile Include="..\Video\RenderTextureGL.cpp">
      <Filter>Video</Filter>
    </ClCompile>
    <ClCompile Include="..\Video\RendererCommon.cpp">
      <Filter>Video</Filter>
    </ClCompile>
    <ClCompile Include="..\Video\TextureCommon.cpp">
      <Filter>Video</Filter>
    </ClCompile>
    <ClCompile Include="..\Video\TextureCubeGL.cpp">
      <Filter>Video</Filter>
    </ClCompile>
    <ClCompile Include="..\Components\MeshRendererComponent.cpp">
      <Filter>Components</Filter>
    </ClCompile>
    <ClCompile Include="..\Core\Mesh.cpp">
      <Filter>Core</Filter>
    </ClCompile>
    <ClCompile Include="..\Video\Material.cpp">
      <Filter>Video</Filter>
    </ClCompile>
  </ItemGroup>
  <ItemGroup>
    <Filter Include="Include">
      <UniqueIdentifier>{c7f38af8-43e6-45a3-974a-08cdaad37d56}</UniqueIdentifier>
    </Filter>
    <Filter Include="Components">
      <UniqueIdentifier>{6332e609-ebf2-4709-8adf-1dfd9336bdfa}</UniqueIdentifier>
    </Filter>
    <Filter Include="Core">
      <UniqueIdentifier>{61d70ac0-972c-4dc0-8caf-33e80e21c274}</UniqueIdentifier>
    </Filter>
    <Filter Include="Video">
      <UniqueIdentifier>{bee1f15f-9499-430f-b238-304f23259e95}</UniqueIdentifier>
    </Filter>
    <Filter Include="ThirdParty">
      <UniqueIdentifier>{27d80e0e-a32a-45ea-8725-85b422727c79}</UniqueIdentifier>
    </Filter>
    <Filter Include="ThirdParty\GL">
      <UniqueIdentifier>{bd14fbb0-aaba-4fd0-96a8-b0ff98600e31}</UniqueIdentifier>
    </Filter>
  </ItemGroup>
  <ItemGroup>
    <ClInclude Include="..\Include\Window.hpp">
      <Filter>Include</Filter>
    </ClInclude>
    <ClInclude Include="..\Include\System.hpp">
      <Filter>Include</Filter>
    </ClInclude>
    <ClInclude Include="..\Include\CameraComponent.hpp">
      <Filter>Include</Filter>
    </ClInclude>
    <ClInclude Include="..\Include\GameObject.hpp">
      <Filter>Include</Filter>
    </ClInclude>
    <ClInclude Include="..\Include\Vec3.hpp">
      <Filter>Include</Filter>
    </ClInclude>
    <ClInclude Include="..\Include\Scene.hpp">
      <Filter>Include</Filter>
    </ClInclude>
    <ClInclude Include="..\Video\GfxDevice.hpp">
      <Filter>Video</Filter>
    </ClInclude>
    <ClInclude Include="..\ThirdParty\GL\glcorearb.h">
      <Filter>ThirdParty\GL</Filter>
    </ClInclude>
    <ClInclude Include="..\ThirdParty\GL\wglext.h">
      <Filter>ThirdParty\GL</Filter>
    </ClInclude>
    <ClInclude Include="..\Include\SpriteRendererComponent.hpp">
      <Filter>Include</Filter>
    </ClInclude>
    <ClInclude Include="..\Include\Texture2D.hpp">
      <Filter>Include</Filter>
    </ClInclude>
    <ClInclude Include="..\Include\Matrix.hpp">
      <Filter>Include</Filter>
    </ClInclude>
    <ClInclude Include="..\Include\Shader.hpp">
      <Filter>Include</Filter>
    </ClInclude>
    <ClInclude Include="..\ThirdParty\GL\glxw.h">
      <Filter>ThirdParty\GL</Filter>
    </ClInclude>
    <ClInclude Include="..\Video\VertexBuffer.hpp">
      <Filter>Video</Filter>
    </ClInclude>
    <ClInclude Include="..\Video\Renderer.hpp">
      <Filter>Video</Filter>
    </ClInclude>
    <ClInclude Include="..\Core\FileWatcher.hpp">
      <Filter>Core</Filter>
    </ClInclude>
    <ClInclude Include="..\Video\DDSLoader.hpp">
      <Filter>Video</Filter>
    </ClInclude>
    <ClInclude Include="..\Include\Quaternion.hpp">
      <Filter>Include</Filter>
    </ClInclude>
    <ClInclude Include="..\Include\TransformComponent.hpp">
      <Filter>Include</Filter>
    </ClInclude>
    <ClInclude Include="..\Include\Macros.hpp">
      <Filter>Include</Filter>
    </ClInclude>
    <ClInclude Include="..\Include\AudioClip.hpp">
      <Filter>Include</Filter>
    </ClInclude>
    <ClInclude Include="..\Include\AudioSourceComponent.hpp">
      <Filter>Include</Filter>
    </ClInclude>
    <ClInclude Include="..\Include\Font.hpp">
      <Filter>Include</Filter>
    </ClInclude>
    <ClInclude Include="..\Include\TextRendererComponent.hpp">
      <Filter>Include</Filter>
    </ClInclude>
    <ClInclude Include="..\Core\AudioSystem.hpp">
      <Filter>Core</Filter>
    </ClInclude>
    <ClInclude Include="..\Include\FileSystem.hpp">
      <Filter>Include</Filter>
    </ClInclude>
    <ClInclude Include="..\Include\RenderTexture.hpp">
      <Filter>Include</Filter>
    </ClInclude>
    <ClInclude Include="..\Include\TextureBase.hpp">
      <Filter>Include</Filter>
    </ClInclude>
    <ClInclude Include="..\Include\TextureCube.hpp">
      <Filter>Include</Filter>
    </ClInclude>
    <ClInclude Include="..\Include\Mesh.hpp">
      <Filter>Include</Filter>
    </ClInclude>
    <ClInclude Include="..\Include\MeshRendererComponent.hpp">
      <Filter>Include</Filter>
    </ClInclude>
    <ClInclude Include="..\Include\Material.hpp">
      <Filter>Include</Filter>
    </ClInclude>
  </ItemGroup>
</Project>