<?xml version="1.0" encoding="utf-8"?>
<Project ToolsVersion="4.0" xmlns="http://schemas.microsoft.com/developer/msbuild/2003">
  <ItemGroup>
    <Filter Include="Resource Files">
      <UniqueIdentifier>{67DA6AB6-F800-4c08-8B7A-83BB121AAD01}</UniqueIdentifier>
      <Extensions>rc;ico;cur;bmp;dlg;rc2;rct;bin;rgs;gif;jpg;jpeg;jpe;resx;tiff;tif;png;wav;mfcribbon-ms</Extensions>
    </Filter>
    <Filter Include="Video">
      <UniqueIdentifier>{4FC737F1-C7A5-4376-A066-2A32D752A2FF}</UniqueIdentifier>
      <Extensions>cpp;c;cc;cxx;def;odl;idl;hpj;bat;asm;asmx</Extensions>
    </Filter>
    <Filter Include="Core">
      <UniqueIdentifier>{6a35e3f0-4bc1-4d7a-b7ad-37f6f2905585}</UniqueIdentifier>
    </Filter>
    <Filter Include="Include">
      <UniqueIdentifier>{23622194-7f8e-4f68-9515-045f36644229}</UniqueIdentifier>
    </Filter>
    <Filter Include="Components">
      <UniqueIdentifier>{dbdba841-7019-43de-94f7-384303211780}</UniqueIdentifier>
    </Filter>
    <Filter Include="ThirdParty">
      <UniqueIdentifier>{93995380-89BD-4b04-88EB-625FBE52EBFB}</UniqueIdentifier>
      <Extensions>h;hh;hpp;hxx;hm;inl;inc;xsd</Extensions>
    </Filter>
  </ItemGroup>
  <ItemGroup>
    <ClCompile Include="..\Video\Vulkan\GfxDeviceVulkan.cpp">
      <Filter>Video</Filter>
    </ClCompile>
    <ClCompile Include="..\Video\Vulkan\RendererVulkan.cpp">
      <Filter>Video</Filter>
    </ClCompile>
    <ClCompile Include="..\Video\Vulkan\ShaderVulkan.cpp">
      <Filter>Video</Filter>
    </ClCompile>
    <ClCompile Include="..\Video\Vulkan\Texture2DVulkan.cpp">
      <Filter>Video</Filter>
    </ClCompile>
    <ClCompile Include="..\Video\Vulkan\VertexBufferVulkan.cpp">
      <Filter>Video</Filter>
    </ClCompile>
    <ClCompile Include="..\Components\AudioSourceComponent.cpp">
      <Filter>Components</Filter>
    </ClCompile>
    <ClCompile Include="..\Components\CameraComponent.cpp">
      <Filter>Components</Filter>
    </ClCompile>
    <ClCompile Include="..\Components\DirectionalLightComponent.cpp">
      <Filter>Components</Filter>
    </ClCompile>
    <ClCompile Include="..\Components\GameObject.cpp">
      <Filter>Components</Filter>
    </ClCompile>
    <ClCompile Include="..\Components\MeshRendererComponent.cpp">
      <Filter>Components</Filter>
    </ClCompile>
    <ClCompile Include="..\Components\SpotLightComponent.cpp">
      <Filter>Components</Filter>
    </ClCompile>
    <ClCompile Include="..\Components\SpriteRendererComponent.cpp">
      <Filter>Components</Filter>
    </ClCompile>
    <ClCompile Include="..\Components\TextRendererComponent.cpp">
      <Filter>Components</Filter>
    </ClCompile>
    <ClCompile Include="..\Components\TransformComponent.cpp">
      <Filter>Components</Filter>
    </ClCompile>
    <ClCompile Include="..\Core\AudioClip.cpp">
      <Filter>Core</Filter>
    </ClCompile>
    <ClCompile Include="..\Core\AudioSystemOpenAL.cpp">
      <Filter>Core</Filter>
    </ClCompile>
    <ClCompile Include="..\Core\FileSystem.cpp">
      <Filter>Core</Filter>
    </ClCompile>
    <ClCompile Include="..\Core\FileWatcher.cpp">
      <Filter>Core</Filter>
    </ClCompile>
    <ClCompile Include="..\Core\Font.cpp">
      <Filter>Core</Filter>
    </ClCompile>
    <ClCompile Include="..\Core\Frustum.cpp">
      <Filter>Core</Filter>
    </ClCompile>
    <ClCompile Include="..\Core\Matrix.cpp">
      <Filter>Core</Filter>
    </ClCompile>
    <ClCompile Include="..\Core\MatrixSSE3.cpp">
      <Filter>Core</Filter>
    </ClCompile>
    <ClCompile Include="..\Core\Mesh.cpp">
      <Filter>Core</Filter>
    </ClCompile>
    <ClCompile Include="..\Core\Scene.cpp">
      <Filter>Core</Filter>
    </ClCompile>
    <ClCompile Include="..\Core\System.cpp">
      <Filter>Core</Filter>
    </ClCompile>
    <ClCompile Include="..\ThirdParty\stb_image.c">
      <Filter>ThirdParty</Filter>
    </ClCompile>
    <ClCompile Include="..\ThirdParty\stb_vorbis.c">
      <Filter>ThirdParty</Filter>
    </ClCompile>
    <ClCompile Include="..\Video\Material.cpp">
      <Filter>Video</Filter>
    </ClCompile>
    <ClCompile Include="..\Video\RendererCommon.cpp">
      <Filter>Video</Filter>
    </ClCompile>
    <ClCompile Include="..\Video\TextureCommon.cpp">
      <Filter>Video</Filter>
    </ClCompile>
    <ClCompile Include="..\Video\WindowWin32.cpp">
      <Filter>Video</Filter>
    </ClCompile>
    <ClCompile Include="..\Video\Vulkan\RenderTextureVulkan.cpp">
      <Filter>Video</Filter>
    </ClCompile>
    <ClCompile Include="..\Video\Vulkan\TextureCubeVulkan.cpp">
      <Filter>Video</Filter>
    </ClCompile>
  </ItemGroup>
  <ItemGroup>
    <ClInclude Include="..\Include\AudioClip.hpp">
      <Filter>Include</Filter>
    </ClInclude>
    <ClInclude Include="..\Include\AudioSourceComponent.hpp">
      <Filter>Include</Filter>
    </ClInclude>
    <ClInclude Include="..\Include\CameraComponent.hpp">
      <Filter>Include</Filter>
    </ClInclude>
    <ClInclude Include="..\Include\DirectionalLightComponent.hpp">
      <Filter>Include</Filter>
    </ClInclude>
    <ClInclude Include="..\Include\FileSystem.hpp">
      <Filter>Include</Filter>
    </ClInclude>
    <ClInclude Include="..\Include\Font.hpp">
      <Filter>Include</Filter>
    </ClInclude>
    <ClInclude Include="..\Include\GameObject.hpp">
      <Filter>Include</Filter>
    </ClInclude>
    <ClInclude Include="..\Include\Macros.hpp">
      <Filter>Include</Filter>
    </ClInclude>
    <ClInclude Include="..\Include\Material.hpp">
      <Filter>Include</Filter>
    </ClInclude>
    <ClInclude Include="..\Include\Matrix.hpp">
      <Filter>Include</Filter>
    </ClInclude>
    <ClInclude Include="..\Include\Mesh.hpp">
      <Filter>Include</Filter>
    </ClInclude>
    <ClInclude Include="..\Include\MeshRendererComponent.hpp">
      <Filter>Include</Filter>
    </ClInclude>
    <ClInclude Include="..\Include\Quaternion.hpp">
      <Filter>Include</Filter>
    </ClInclude>
    <ClInclude Include="..\Include\RenderTexture.hpp">
      <Filter>Include</Filter>
    </ClInclude>
    <ClInclude Include="..\Include\Scene.hpp">
      <Filter>Include</Filter>
    </ClInclude>
    <ClInclude Include="..\Include\Shader.hpp">
      <Filter>Include</Filter>
    </ClInclude>
    <ClInclude Include="..\Include\SpotLightComponent.hpp">
      <Filter>Include</Filter>
    </ClInclude>
    <ClInclude Include="..\Include\SpriteRendererComponent.hpp">
      <Filter>Include</Filter>
    </ClInclude>
    <ClInclude Include="..\Include\System.hpp">
      <Filter>Include</Filter>
    </ClInclude>
    <ClInclude Include="..\Include\TextRendererComponent.hpp">
      <Filter>Include</Filter>
    </ClInclude>
    <ClInclude Include="..\Include\Texture2D.hpp">
      <Filter>Include</Filter>
    </ClInclude>
    <ClInclude Include="..\Include\TextureBase.hpp">
      <Filter>Include</Filter>
    </ClInclude>
    <ClInclude Include="..\Include\TextureCube.hpp">
      <Filter>Include</Filter>
    </ClInclude>
    <ClInclude Include="..\Include\TransformComponent.hpp">
      <Filter>Include</Filter>
    </ClInclude>
    <ClInclude Include="..\Include\Vec3.hpp">
      <Filter>Include</Filter>
    </ClInclude>
    <ClInclude Include="..\Include\Window.hpp">
      <Filter>Include</Filter>
    </ClInclude>
    <ClInclude Include="..\Include\VR.hpp">
      <Filter>Include</Filter>
    </ClInclude>
    <ClInclude Include="..\Core\AudioSystem.hpp">
      <Filter>Core</Filter>
    </ClInclude>
    <ClInclude Include="..\Core\FileWatcher.hpp">
      <Filter>Core</Filter>
    </ClInclude>
    <ClInclude Include="..\Core\Frustum.hpp">
      <Filter>Core</Filter>
    </ClInclude>
    <ClInclude Include="..\Core\SubMesh.hpp">
      <Filter>Core</Filter>
    </ClInclude>
  </ItemGroup>
</Project>